// !$*UTF8*$!
{
	archiveVersion = 1;
	classes = {
	};
	objectVersion = 46;
	objects = {

/* Begin PBXBuildFile section */
		1FD3E4DD471F75164753B4C1 /* libPods-myhome.a in Frameworks */ = {isa = PBXBuildFile; fileRef = AED98BB851B3E5659CC617B6 /* libPods-myhome.a */; };
		5C7C38DE1DD1D14600D68C3B /* ARAboutController.m in Sources */ = {isa = PBXBuildFile; fileRef = 5C7C38DD1DD1D14600D68C3B /* ARAboutController.m */; };
		5C9337B31DCB3F800091D3D8 /* Security.framework in Frameworks */ = {isa = PBXBuildFile; fileRef = 5C9337B21DCB3F800091D3D8 /* Security.framework */; };
		5C9337B81DCB3FA80091D3D8 /* libiconv.tbd in Frameworks */ = {isa = PBXBuildFile; fileRef = 5C9337B71DCB3FA80091D3D8 /* libiconv.tbd */; };
		5C9337BA1DCB3FAE0091D3D8 /* SystemConfiguration.framework in Frameworks */ = {isa = PBXBuildFile; fileRef = 5C9337B91DCB3FAE0091D3D8 /* SystemConfiguration.framework */; };
		5C9337BC1DCB3FB50091D3D8 /* CoreGraphics.framework in Frameworks */ = {isa = PBXBuildFile; fileRef = 5C9337BB1DCB3FB50091D3D8 /* CoreGraphics.framework */; };
		5C9337C01DCB3FF20091D3D8 /* CoreTelephony.framework in Frameworks */ = {isa = PBXBuildFile; fileRef = 5C9337BF1DCB3FF20091D3D8 /* CoreTelephony.framework */; };
		5C9337C21DCB3FFF0091D3D8 /* libstdc++.tbd in Frameworks */ = {isa = PBXBuildFile; fileRef = 5C9337C11DCB3FFF0091D3D8 /* libstdc++.tbd */; };
		5C9337C41DCB40060091D3D8 /* libz.tbd in Frameworks */ = {isa = PBXBuildFile; fileRef = 5C9337C31DCB40060091D3D8 /* libz.tbd */; };
		5C9337F81DCB447B0091D3D8 /* FSShareManager.m in Sources */ = {isa = PBXBuildFile; fileRef = 5C9337D81DCB447B0091D3D8 /* FSShareManager.m */; };
		5C9337F91DCB447B0091D3D8 /* FSShareView.m in Sources */ = {isa = PBXBuildFile; fileRef = 5C9337DA1DCB447B0091D3D8 /* FSShareView.m */; };
		5C9337FA1DCB447B0091D3D8 /* FSTouchView.m in Sources */ = {isa = PBXBuildFile; fileRef = 5C9337DC1DCB447B0091D3D8 /* FSTouchView.m */; };
		5C9337FB1DCB447B0091D3D8 /* libWeiboSDK.a in Frameworks */ = {isa = PBXBuildFile; fileRef = 5C9337DF1DCB447B0091D3D8 /* libWeiboSDK.a */; };
		5C9337FC1DCB447B0091D3D8 /* WeiboSDK.bundle in Resources */ = {isa = PBXBuildFile; fileRef = 5C9337E91DCB447B0091D3D8 /* WeiboSDK.bundle */; };
		5C9337FD1DCB447B0091D3D8 /* TencentOpenAPI.framework in Frameworks */ = {isa = PBXBuildFile; fileRef = 5C9337ED1DCB447B0091D3D8 /* TencentOpenAPI.framework */; };
		5C9337FE1DCB447B0091D3D8 /* TencentOpenApi_IOS_Bundle.bundle in Resources */ = {isa = PBXBuildFile; fileRef = 5C9337EE1DCB447B0091D3D8 /* TencentOpenApi_IOS_Bundle.bundle */; };
		5C9337FF1DCB447B0091D3D8 /* libWeChatSDK.a in Frameworks */ = {isa = PBXBuildFile; fileRef = 5C9337F01DCB447B0091D3D8 /* libWeChatSDK.a */; };
		5C9338001DCB447B0091D3D8 /* README.txt in Resources */ = {isa = PBXBuildFile; fileRef = 5C9337F11DCB447B0091D3D8 /* README.txt */; };
		5CA360D91DC8ADC300523FF5 /* AROfferController.m in Sources */ = {isa = PBXBuildFile; fileRef = 5CA360D81DC8ADC300523FF5 /* AROfferController.m */; };
		5CA360DC1DC8ADCE00523FF5 /* ARPersonController.m in Sources */ = {isa = PBXBuildFile; fileRef = 5CA360DB1DC8ADCE00523FF5 /* ARPersonController.m */; };
		5CA360DF1DC8ADD800523FF5 /* ARToolController.m in Sources */ = {isa = PBXBuildFile; fileRef = 5CA360DE1DC8ADD800523FF5 /* ARToolController.m */; };
		5CB3A02D1DCA044600564280 /* libc++.tbd in Frameworks */ = {isa = PBXBuildFile; fileRef = 5CB3A02C1DCA044600564280 /* libc++.tbd */; };
		5CB3A02F1DCA049500564280 /* AVFoundation.framework in Frameworks */ = {isa = PBXBuildFile; fileRef = 5CB3A02E1DCA049500564280 /* AVFoundation.framework */; };
		5CB3A0311DCA04C800564280 /* libsqlite3.tbd in Frameworks */ = {isa = PBXBuildFile; fileRef = 5CB3A0301DCA04C800564280 /* libsqlite3.tbd */; };
		5CB3A0331DCA04D400564280 /* CoreVideo.framework in Frameworks */ = {isa = PBXBuildFile; fileRef = 5CB3A0321DCA04D400564280 /* CoreVideo.framework */; };
		5CB3A0351DCA04F400564280 /* CoreMedia.framework in Frameworks */ = {isa = PBXBuildFile; fileRef = 5CB3A0341DCA04F400564280 /* CoreMedia.framework */; };
		5CDBCDAF1DD057EA001CFC39 /* FSShareEntity.m in Sources */ = {isa = PBXBuildFile; fileRef = 5CDBCDAE1DD057EA001CFC39 /* FSShareEntity.m */; };
		5CFE601A1DC75B9C003640A4 /* main.m in Sources */ = {isa = PBXBuildFile; fileRef = 5CFE60191DC75B9C003640A4 /* main.m */; };
		5CFE601D1DC75B9C003640A4 /* AppDelegate.m in Sources */ = {isa = PBXBuildFile; fileRef = 5CFE601C1DC75B9C003640A4 /* AppDelegate.m */; };
		5CFE60231DC75B9C003640A4 /* Main.storyboard in Resources */ = {isa = PBXBuildFile; fileRef = 5CFE60211DC75B9C003640A4 /* Main.storyboard */; };
		5CFE60251DC75B9C003640A4 /* Assets.xcassets in Resources */ = {isa = PBXBuildFile; fileRef = 5CFE60241DC75B9C003640A4 /* Assets.xcassets */; };
		5CFE60281DC75B9C003640A4 /* LaunchScreen.storyboard in Resources */ = {isa = PBXBuildFile; fileRef = 5CFE60261DC75B9C003640A4 /* LaunchScreen.storyboard */; };
		5CFE61A01DC75C11003640A4 /* libsqlite3.0.tbd in Frameworks */ = {isa = PBXBuildFile; fileRef = 5CFE619F1DC75C11003640A4 /* libsqlite3.0.tbd */; };
		71474B6A1DCABB1C0063DA08 /* ARTabBarController.m in Sources */ = {isa = PBXBuildFile; fileRef = 71474B691DCABB1C0063DA08 /* ARTabBarController.m */; };
		714F6EB81DF3BC2B00E96EED /* ARHomeController.m in Sources */ = {isa = PBXBuildFile; fileRef = 714F6EB01DF3BC2B00E96EED /* ARHomeController.m */; };
		714F6EB91DF3BC2B00E96EED /* HACityController.m in Sources */ = {isa = PBXBuildFile; fileRef = 714F6EB21DF3BC2B00E96EED /* HACityController.m */; };
		714F6EBA1DF3BC2B00E96EED /* HAToolController.m in Sources */ = {isa = PBXBuildFile; fileRef = 714F6EB41DF3BC2B00E96EED /* HAToolController.m */; };
		714F6EBB1DF3BC2B00E96EED /* FSFlowView.m in Sources */ = {isa = PBXBuildFile; fileRef = 714F6EB71DF3BC2B00E96EED /* FSFlowView.m */; };
		714F6EBF1DF3C87D00E96EED /* FSShopClassView.m in Sources */ = {isa = PBXBuildFile; fileRef = 714F6EBE1DF3C87D00E96EED /* FSShopClassView.m */; };
		714F6EC21DF3D3F100E96EED /* HAShopCollectionCell.m in Sources */ = {isa = PBXBuildFile; fileRef = 714F6EC11DF3D3F100E96EED /* HAShopCollectionCell.m */; };
		71A66E7B1DEF1250002C28B9 /* HAShopController.m in Sources */ = {isa = PBXBuildFile; fileRef = 71A66E7A1DEF1250002C28B9 /* HAShopController.m */; };
		71DC24091DD2011B00BEB193 /* FSDBManager.m in Sources */ = {isa = PBXBuildFile; fileRef = 71DC23131DD2011A00BEB193 /* FSDBManager.m */; };
		71DC240A1DD2011B00BEB193 /* FSAccountDoorController.m in Sources */ = {isa = PBXBuildFile; fileRef = 71DC23161DD2011A00BEB193 /* FSAccountDoorController.m */; };
		71DC240B1DD2011B00BEB193 /* FSFinancesManagerController.m in Sources */ = {isa = PBXBuildFile; fileRef = 71DC23181DD2011A00BEB193 /* FSFinancesManagerController.m */; };
		71DC240C1DD2011B00BEB193 /* FSFMAccountController.m in Sources */ = {isa = PBXBuildFile; fileRef = 71DC231A1DD2011A00BEB193 /* FSFMAccountController.m */; };
		71DC240D1DD2011B00BEB193 /* FSFMExpectController.m in Sources */ = {isa = PBXBuildFile; fileRef = 71DC231C1DD2011A00BEB193 /* FSFMExpectController.m */; };
		71DC240E1DD2011B00BEB193 /* FSFMListCell.m in Sources */ = {isa = PBXBuildFile; fileRef = 71DC231E1DD2011A00BEB193 /* FSFMListCell.m */; };
		71DC240F1DD2011B00BEB193 /* FSFMListController.m in Sources */ = {isa = PBXBuildFile; fileRef = 71DC23201DD2011A00BEB193 /* FSFMListController.m */; };
		71DC24101DD2011B00BEB193 /* FSFMSelectCell.m in Sources */ = {isa = PBXBuildFile; fileRef = 71DC23221DD2011A00BEB193 /* FSFMSelectCell.m */; };
		71DC24111DD2011B00BEB193 /* FSFMSelectController.m in Sources */ = {isa = PBXBuildFile; fileRef = 71DC23241DD2011A00BEB193 /* FSFMSelectController.m */; };
		71DC24121DD2011B00BEB193 /* FSTwoMinusController.m in Sources */ = {isa = PBXBuildFile; fileRef = 71DC23261DD2011A00BEB193 /* FSTwoMinusController.m */; };
		71DC24131DD2011B00BEB193 /* SQLEntity.m in Sources */ = {isa = PBXBuildFile; fileRef = 71DC23281DD2011A00BEB193 /* SQLEntity.m */; };
		71DC24141DD2011B00BEB193 /* FIBaseEntity.m in Sources */ = {isa = PBXBuildFile; fileRef = 71DC232B1DD2011A00BEB193 /* FIBaseEntity.m */; };
		71DC24151DD2011B00BEB193 /* ChineseCalendarView.m in Sources */ = {isa = PBXBuildFile; fileRef = 71DC232E1DD2011A00BEB193 /* ChineseCalendarView.m */; };
		71DC24161DD2011B00BEB193 /* ExhaustiveCalendar.m in Sources */ = {isa = PBXBuildFile; fileRef = 71DC23301DD2011A00BEB193 /* ExhaustiveCalendar.m */; };
		71DC24171DD2011B00BEB193 /* FSCCDayView.m in Sources */ = {isa = PBXBuildFile; fileRef = 71DC23321DD2011A00BEB193 /* FSCCDayView.m */; };
		71DC24181DD2011B00BEB193 /* FSCCHeadView.m in Sources */ = {isa = PBXBuildFile; fileRef = 71DC23341DD2011A00BEB193 /* FSCCHeadView.m */; };
		71DC24191DD2011B00BEB193 /* FSCCMainView.m in Sources */ = {isa = PBXBuildFile; fileRef = 71DC23361DD2011A00BEB193 /* FSCCMainView.m */; };
		71DC241A1DD2011B00BEB193 /* FSChineseCalendarController.m in Sources */ = {isa = PBXBuildFile; fileRef = 71DC23381DD2011A00BEB193 /* FSChineseCalendarController.m */; };
		71DC241B1DD2011B00BEB193 /* Datetime.m in Sources */ = {isa = PBXBuildFile; fileRef = 71DC233B1DD2011A00BEB193 /* Datetime.m */; };
		71DC241C1DD2011B00BEB193 /* CYDatetime.m in Sources */ = {isa = PBXBuildFile; fileRef = 71DC233E1DD2011A00BEB193 /* CYDatetime.m */; };
		71DC241D1DD2011B00BEB193 /* FSLunarCalendar.m in Sources */ = {isa = PBXBuildFile; fileRef = 71DC23401DD2011A00BEB193 /* FSLunarCalendar.m */; };
		71DC241E1DD2011B00BEB193 /* ClipPictureController.m in Sources */ = {isa = PBXBuildFile; fileRef = 71DC23431DD2011A00BEB193 /* ClipPictureController.m */; };
		71DC241F1DD2011B00BEB193 /* fishhook.c in Sources */ = {isa = PBXBuildFile; fileRef = 71DC23451DD2011A00BEB193 /* fishhook.c */; };
		71DC24201DD2011B00BEB193 /* FlowCollector.m in Sources */ = {isa = PBXBuildFile; fileRef = 71DC23481DD2011A00BEB193 /* FlowCollector.m */; };
		71DC24211DD2011B00BEB193 /* GTMBase64.m in Sources */ = {isa = PBXBuildFile; fileRef = 71DC234C1DD2011A00BEB193 /* GTMBase64.m */; };
		71DC24221DD2011B00BEB193 /* UIView+Addition.m in Sources */ = {isa = PBXBuildFile; fileRef = 71DC23501DD2011A00BEB193 /* UIView+Addition.m */; };
		71DC24231DD2011B00BEB193 /* UIViewExt.m in Sources */ = {isa = PBXBuildFile; fileRef = 71DC23521DD2011A00BEB193 /* UIViewExt.m */; };
		71DC24241DD2011B00BEB193 /* FSBaseController.m in Sources */ = {isa = PBXBuildFile; fileRef = 71DC23581DD2011A00BEB193 /* FSBaseController.m */; };
		71DC24251DD2011B00BEB193 /* FSBaseView.m in Sources */ = {isa = PBXBuildFile; fileRef = 71DC235A1DD2011A00BEB193 /* FSBaseView.m */; };
		71DC24261DD2011B00BEB193 /* FSCharTBController.m in Sources */ = {isa = PBXBuildFile; fileRef = 71DC235C1DD2011A00BEB193 /* FSCharTBController.m */; };
		71DC24271DD2011B00BEB193 /* FSHardwareInfoController.m in Sources */ = {isa = PBXBuildFile; fileRef = 71DC235E1DD2011A00BEB193 /* FSHardwareInfoController.m */; };
		71DC24281DD2011B00BEB193 /* FSLeftItem.m in Sources */ = {isa = PBXBuildFile; fileRef = 71DC23601DD2011A00BEB193 /* FSLeftItem.m */; };
		71DC24291DD2011B00BEB193 /* FSNavigationController.m in Sources */ = {isa = PBXBuildFile; fileRef = 71DC23621DD2011A00BEB193 /* FSNavigationController.m */; };
		71DC242A1DD2011B00BEB193 /* UIView+ViewController.m in Sources */ = {isa = PBXBuildFile; fileRef = 71DC23641DD2011A00BEB193 /* UIView+ViewController.m */; };
		71DC242B1DD2011B00BEB193 /* FSCacheManager.m in Sources */ = {isa = PBXBuildFile; fileRef = 71DC23671DD2011A00BEB193 /* FSCacheManager.m */; };
		71DC242C1DD2011B00BEB193 /* FIMoveButton.m in Sources */ = {isa = PBXBuildFile; fileRef = 71DC236A1DD2011A00BEB193 /* FIMoveButton.m */; };
		71DC242D1DD2011B00BEB193 /* FSBlockButton.m in Sources */ = {isa = PBXBuildFile; fileRef = 71DC236C1DD2011A00BEB193 /* FSBlockButton.m */; };
		71DC242E1DD2011B00BEB193 /* FSImageLabelView.m in Sources */ = {isa = PBXBuildFile; fileRef = 71DC236E1DD2011A00BEB193 /* FSImageLabelView.m */; };
		71DC242F1DD2011B00BEB193 /* FSMoveLabel.m in Sources */ = {isa = PBXBuildFile; fileRef = 71DC23701DD2011A00BEB193 /* FSMoveLabel.m */; };
		71DC24301DD2011B00BEB193 /* FSSegmentControl.m in Sources */ = {isa = PBXBuildFile; fileRef = 71DC23721DD2011A00BEB193 /* FSSegmentControl.m */; };
		71DC24311DD2011B00BEB193 /* FSTapCell.m in Sources */ = {isa = PBXBuildFile; fileRef = 71DC23741DD2011A00BEB193 /* FSTapCell.m */; };
		71DC24321DD2011B00BEB193 /* FSTapLabel.m in Sources */ = {isa = PBXBuildFile; fileRef = 71DC23761DD2011B00BEB193 /* FSTapLabel.m */; };
		71DC24331DD2011B00BEB193 /* FSTapScrollView.m in Sources */ = {isa = PBXBuildFile; fileRef = 71DC23781DD2011B00BEB193 /* FSTapScrollView.m */; };
		71DC24341DD2011B00BEB193 /* FSWBView.m in Sources */ = {isa = PBXBuildFile; fileRef = 71DC237A1DD2011B00BEB193 /* FSWBView.m */; };
		71DC24351DD2011B00BEB193 /* FSWebImageView.m in Sources */ = {isa = PBXBuildFile; fileRef = 71DC237C1DD2011B00BEB193 /* FSWebImageView.m */; };
		71DC24361DD2011B00BEB193 /* FSDatePickerView.m in Sources */ = {isa = PBXBuildFile; fileRef = 71DC237F1DD2011B00BEB193 /* FSDatePickerView.m */; };
		71DC24371DD2011B00BEB193 /* FSSelectController.m in Sources */ = {isa = PBXBuildFile; fileRef = 71DC23821DD2011B00BEB193 /* FSSelectController.m */; };
		71DC24381DD2011B00BEB193 /* FSSelectSectionController.m in Sources */ = {isa = PBXBuildFile; fileRef = 71DC23841DD2011B00BEB193 /* FSSelectSectionController.m */; };
		71DC24391DD2011B00BEB193 /* FSViewManager.m in Sources */ = {isa = PBXBuildFile; fileRef = 71DC23871DD2011B00BEB193 /* FSViewManager.m */; };
		71DC243A1DD2011B00BEB193 /* FIWebView.m in Sources */ = {isa = PBXBuildFile; fileRef = 71DC238A1DD2011B00BEB193 /* FIWebView.m */; };
		71DC243B1DD2011B00BEB193 /* FSHTMLController.m in Sources */ = {isa = PBXBuildFile; fileRef = 71DC238C1DD2011B00BEB193 /* FSHTMLController.m */; };
		71DC243C1DD2011B00BEB193 /* FSWebController.m in Sources */ = {isa = PBXBuildFile; fileRef = 71DC238E1DD2011B00BEB193 /* FSWebController.m */; };
		71DC243D1DD2011B00BEB193 /* FSWebViewController.m in Sources */ = {isa = PBXBuildFile; fileRef = 71DC23901DD2011B00BEB193 /* FSWebViewController.m */; };
		71DC243E1DD2011B00BEB193 /* FSMakeQRController.m in Sources */ = {isa = PBXBuildFile; fileRef = 71DC23931DD2011B00BEB193 /* FSMakeQRController.m */; };
		71DC243F1DD2011B00BEB193 /* fsqr1.png in Resources */ = {isa = PBXBuildFile; fileRef = 71DC23941DD2011B00BEB193 /* fsqr1.png */; };
		71DC24401DD2011B00BEB193 /* fsqr2.png in Resources */ = {isa = PBXBuildFile; fileRef = 71DC23951DD2011B00BEB193 /* fsqr2.png */; };
		71DC24411DD2011B00BEB193 /* fsqr3.png in Resources */ = {isa = PBXBuildFile; fileRef = 71DC23961DD2011B00BEB193 /* fsqr3.png */; };
		71DC24421DD2011B00BEB193 /* fsqr4.png in Resources */ = {isa = PBXBuildFile; fileRef = 71DC23971DD2011B00BEB193 /* fsqr4.png */; };
		71DC24431DD2011B00BEB193 /* FSQRController.m in Sources */ = {isa = PBXBuildFile; fileRef = 71DC23991DD2011B00BEB193 /* FSQRController.m */; };
		71DC24441DD2011B00BEB193 /* fsqrlightoff.png in Resources */ = {isa = PBXBuildFile; fileRef = 71DC239A1DD2011B00BEB193 /* fsqrlightoff.png */; };
		71DC24451DD2011B00BEB193 /* fsqrlighton.png in Resources */ = {isa = PBXBuildFile; fileRef = 71DC239B1DD2011B00BEB193 /* fsqrlighton.png */; };
		71DC24461DD2011B00BEB193 /* fsqrline.png in Resources */ = {isa = PBXBuildFile; fileRef = 71DC239C1DD2011B00BEB193 /* fsqrline.png */; };
		71DC24471DD2011B00BEB193 /* fsqrmsg.wav in Resources */ = {isa = PBXBuildFile; fileRef = 71DC239D1DD2011B00BEB193 /* fsqrmsg.wav */; };
		71DC24481DD2011B00BEB193 /* FSAddTaxModelController.m in Sources */ = {isa = PBXBuildFile; fileRef = 71DC23A01DD2011B00BEB193 /* FSAddTaxModelController.m */; };
		71DC24491DD2011B00BEB193 /* FSTaxDetailView.m in Sources */ = {isa = PBXBuildFile; fileRef = 71DC23A21DD2011B00BEB193 /* FSTaxDetailView.m */; };
		71DC244A1DD2011B00BEB193 /* FSTaxOfIncomeController.m in Sources */ = {isa = PBXBuildFile; fileRef = 71DC23A41DD2011B00BEB193 /* FSTaxOfIncomeController.m */; };
		71DC244B1DD2011B00BEB193 /* FSTaxRateEntity.m in Sources */ = {isa = PBXBuildFile; fileRef = 71DC23A61DD2011B00BEB193 /* FSTaxRateEntity.m */; };
		71DC244C1DD2011B00BEB193 /* Note.txt in Resources */ = {isa = PBXBuildFile; fileRef = 71DC23A71DD2011B00BEB193 /* Note.txt */; };
		71DC244D1DD2011B00BEB193 /* README.md in Sources */ = {isa = PBXBuildFile; fileRef = 71DC23A81DD2011B00BEB193 /* README.md */; };
		71DC24751DD2011B00BEB193 /* FuData.m in Sources */ = {isa = PBXBuildFile; fileRef = 71DC24041DD2011B00BEB193 /* FuData.m */; };
		71DC24761DD2011B00BEB193 /* FuSing.m in Sources */ = {isa = PBXBuildFile; fileRef = 71DC24061DD2011B00BEB193 /* FuSing.m */; };
		71DC24771DD2011B00BEB193 /* FuWeb.m in Sources */ = {isa = PBXBuildFile; fileRef = 71DC24081DD2011B00BEB193 /* FuWeb.m */; };
		71DC25E41DD3616C00BEB193 /* FSH5.html in Resources */ = {isa = PBXBuildFile; fileRef = 71DC25E31DD3616C00BEB193 /* FSH5.html */; };
		71DC25E61DD3624D00BEB193 /* ARAbout.html in Resources */ = {isa = PBXBuildFile; fileRef = 71DC25E51DD3624D00BEB193 /* ARAbout.html */; };
		71DC25E81DD3F98500BEB193 /* QuartzCore.framework in Frameworks */ = {isa = PBXBuildFile; fileRef = 71DC25E71DD3F98500BEB193 /* QuartzCore.framework */; };
/* End PBXBuildFile section */

/* Begin PBXFileReference section */
		5C7C38DC1DD1D14600D68C3B /* ARAboutController.h */ = {isa = PBXFileReference; fileEncoding = 4; lastKnownFileType = sourcecode.c.h; path = ARAboutController.h; sourceTree = "<group>"; };
		5C7C38DD1DD1D14600D68C3B /* ARAboutController.m */ = {isa = PBXFileReference; fileEncoding = 4; lastKnownFileType = sourcecode.c.objc; path = ARAboutController.m; sourceTree = "<group>"; };
		5C9337B21DCB3F800091D3D8 /* Security.framework */ = {isa = PBXFileReference; lastKnownFileType = wrapper.framework; name = Security.framework; path = System/Library/Frameworks/Security.framework; sourceTree = SDKROOT; };
		5C9337B71DCB3FA80091D3D8 /* libiconv.tbd */ = {isa = PBXFileReference; lastKnownFileType = "sourcecode.text-based-dylib-definition"; name = libiconv.tbd; path = usr/lib/libiconv.tbd; sourceTree = SDKROOT; };
		5C9337B91DCB3FAE0091D3D8 /* SystemConfiguration.framework */ = {isa = PBXFileReference; lastKnownFileType = wrapper.framework; name = SystemConfiguration.framework; path = System/Library/Frameworks/SystemConfiguration.framework; sourceTree = SDKROOT; };
		5C9337BB1DCB3FB50091D3D8 /* CoreGraphics.framework */ = {isa = PBXFileReference; lastKnownFileType = wrapper.framework; name = CoreGraphics.framework; path = System/Library/Frameworks/CoreGraphics.framework; sourceTree = SDKROOT; };
		5C9337BF1DCB3FF20091D3D8 /* CoreTelephony.framework */ = {isa = PBXFileReference; lastKnownFileType = wrapper.framework; name = CoreTelephony.framework; path = System/Library/Frameworks/CoreTelephony.framework; sourceTree = SDKROOT; };
		5C9337C11DCB3FFF0091D3D8 /* libstdc++.tbd */ = {isa = PBXFileReference; lastKnownFileType = "sourcecode.text-based-dylib-definition"; name = "libstdc++.tbd"; path = "usr/lib/libstdc++.tbd"; sourceTree = SDKROOT; };
		5C9337C31DCB40060091D3D8 /* libz.tbd */ = {isa = PBXFileReference; lastKnownFileType = "sourcecode.text-based-dylib-definition"; name = libz.tbd; path = usr/lib/libz.tbd; sourceTree = SDKROOT; };
		5C9337D71DCB447B0091D3D8 /* FSShareManager.h */ = {isa = PBXFileReference; fileEncoding = 4; lastKnownFileType = sourcecode.c.h; path = FSShareManager.h; sourceTree = "<group>"; };
		5C9337D81DCB447B0091D3D8 /* FSShareManager.m */ = {isa = PBXFileReference; fileEncoding = 4; lastKnownFileType = sourcecode.c.objc; path = FSShareManager.m; sourceTree = "<group>"; };
		5C9337D91DCB447B0091D3D8 /* FSShareView.h */ = {isa = PBXFileReference; fileEncoding = 4; lastKnownFileType = sourcecode.c.h; path = FSShareView.h; sourceTree = "<group>"; };
		5C9337DA1DCB447B0091D3D8 /* FSShareView.m */ = {isa = PBXFileReference; fileEncoding = 4; lastKnownFileType = sourcecode.c.objc; path = FSShareView.m; sourceTree = "<group>"; };
		5C9337DB1DCB447B0091D3D8 /* FSTouchView.h */ = {isa = PBXFileReference; fileEncoding = 4; lastKnownFileType = sourcecode.c.h; path = FSTouchView.h; sourceTree = "<group>"; };
		5C9337DC1DCB447B0091D3D8 /* FSTouchView.m */ = {isa = PBXFileReference; fileEncoding = 4; lastKnownFileType = sourcecode.c.objc; path = FSTouchView.m; sourceTree = "<group>"; };
		5C9337DF1DCB447B0091D3D8 /* libWeiboSDK.a */ = {isa = PBXFileReference; lastKnownFileType = archive.ar; path = libWeiboSDK.a; sourceTree = "<group>"; };
		5C9337E01DCB447B0091D3D8 /* WBHttpRequest+WeiboGame.h */ = {isa = PBXFileReference; fileEncoding = 4; lastKnownFileType = sourcecode.c.h; path = "WBHttpRequest+WeiboGame.h"; sourceTree = "<group>"; };
		5C9337E11DCB447B0091D3D8 /* WBHttpRequest+WeiboShare.h */ = {isa = PBXFileReference; fileEncoding = 4; lastKnownFileType = sourcecode.c.h; path = "WBHttpRequest+WeiboShare.h"; sourceTree = "<group>"; };
		5C9337E21DCB447B0091D3D8 /* WBHttpRequest+WeiboToken.h */ = {isa = PBXFileReference; fileEncoding = 4; lastKnownFileType = sourcecode.c.h; path = "WBHttpRequest+WeiboToken.h"; sourceTree = "<group>"; };
		5C9337E31DCB447B0091D3D8 /* WBHttpRequest+WeiboUser.h */ = {isa = PBXFileReference; fileEncoding = 4; lastKnownFileType = sourcecode.c.h; path = "WBHttpRequest+WeiboUser.h"; sourceTree = "<group>"; };
		5C9337E41DCB447B0091D3D8 /* WBHttpRequest.h */ = {isa = PBXFileReference; fileEncoding = 4; lastKnownFileType = sourcecode.c.h; path = WBHttpRequest.h; sourceTree = "<group>"; };
		5C9337E51DCB447B0091D3D8 /* WBSDKBasicButton.h */ = {isa = PBXFileReference; fileEncoding = 4; lastKnownFileType = sourcecode.c.h; path = WBSDKBasicButton.h; sourceTree = "<group>"; };
		5C9337E61DCB447B0091D3D8 /* WBSDKCommentButton.h */ = {isa = PBXFileReference; fileEncoding = 4; lastKnownFileType = sourcecode.c.h; path = WBSDKCommentButton.h; sourceTree = "<group>"; };
		5C9337E71DCB447B0091D3D8 /* WBSDKRelationshipButton.h */ = {isa = PBXFileReference; fileEncoding = 4; lastKnownFileType = sourcecode.c.h; path = WBSDKRelationshipButton.h; sourceTree = "<group>"; };
		5C9337E81DCB447B0091D3D8 /* WeiboSDK+Statistics.h */ = {isa = PBXFileReference; fileEncoding = 4; lastKnownFileType = sourcecode.c.h; path = "WeiboSDK+Statistics.h"; sourceTree = "<group>"; };
		5C9337E91DCB447B0091D3D8 /* WeiboSDK.bundle */ = {isa = PBXFileReference; lastKnownFileType = "wrapper.plug-in"; path = WeiboSDK.bundle; sourceTree = "<group>"; };
		5C9337EA1DCB447B0091D3D8 /* WeiboSDK.h */ = {isa = PBXFileReference; fileEncoding = 4; lastKnownFileType = sourcecode.c.h; path = WeiboSDK.h; sourceTree = "<group>"; };
		5C9337EB1DCB447B0091D3D8 /* WeiboUser.h */ = {isa = PBXFileReference; fileEncoding = 4; lastKnownFileType = sourcecode.c.h; path = WeiboUser.h; sourceTree = "<group>"; };
		5C9337ED1DCB447B0091D3D8 /* TencentOpenAPI.framework */ = {isa = PBXFileReference; lastKnownFileType = wrapper.framework; path = TencentOpenAPI.framework; sourceTree = "<group>"; };
		5C9337EE1DCB447B0091D3D8 /* TencentOpenApi_IOS_Bundle.bundle */ = {isa = PBXFileReference; lastKnownFileType = "wrapper.plug-in"; path = TencentOpenApi_IOS_Bundle.bundle; sourceTree = "<group>"; };
		5C9337F01DCB447B0091D3D8 /* libWeChatSDK.a */ = {isa = PBXFileReference; lastKnownFileType = archive.ar; path = libWeChatSDK.a; sourceTree = "<group>"; };
		5C9337F11DCB447B0091D3D8 /* README.txt */ = {isa = PBXFileReference; fileEncoding = 4; lastKnownFileType = text; path = README.txt; sourceTree = "<group>"; };
		5C9337F21DCB447B0091D3D8 /* WechatAuthSDK.h */ = {isa = PBXFileReference; fileEncoding = 4; lastKnownFileType = sourcecode.c.h; path = WechatAuthSDK.h; sourceTree = "<group>"; };
		5C9337F31DCB447B0091D3D8 /* WXApi.h */ = {isa = PBXFileReference; fileEncoding = 4; lastKnownFileType = sourcecode.c.h; path = WXApi.h; sourceTree = "<group>"; };
		5C9337F41DCB447B0091D3D8 /* WXApiObject.h */ = {isa = PBXFileReference; fileEncoding = 4; lastKnownFileType = sourcecode.c.h; path = WXApiObject.h; sourceTree = "<group>"; };
		5CA360D71DC8ADC300523FF5 /* AROfferController.h */ = {isa = PBXFileReference; fileEncoding = 4; lastKnownFileType = sourcecode.c.h; path = AROfferController.h; sourceTree = "<group>"; };
		5CA360D81DC8ADC300523FF5 /* AROfferController.m */ = {isa = PBXFileReference; fileEncoding = 4; lastKnownFileType = sourcecode.c.objc; path = AROfferController.m; sourceTree = "<group>"; };
		5CA360DA1DC8ADCE00523FF5 /* ARPersonController.h */ = {isa = PBXFileReference; fileEncoding = 4; lastKnownFileType = sourcecode.c.h; path = ARPersonController.h; sourceTree = "<group>"; };
		5CA360DB1DC8ADCE00523FF5 /* ARPersonController.m */ = {isa = PBXFileReference; fileEncoding = 4; lastKnownFileType = sourcecode.c.objc; path = ARPersonController.m; sourceTree = "<group>"; };
		5CA360DD1DC8ADD800523FF5 /* ARToolController.h */ = {isa = PBXFileReference; fileEncoding = 4; lastKnownFileType = sourcecode.c.h; path = ARToolController.h; sourceTree = "<group>"; };
		5CA360DE1DC8ADD800523FF5 /* ARToolController.m */ = {isa = PBXFileReference; fileEncoding = 4; lastKnownFileType = sourcecode.c.objc; path = ARToolController.m; sourceTree = "<group>"; };
		5CB3A02C1DCA044600564280 /* libc++.tbd */ = {isa = PBXFileReference; lastKnownFileType = "sourcecode.text-based-dylib-definition"; name = "libc++.tbd"; path = "usr/lib/libc++.tbd"; sourceTree = SDKROOT; };
		5CB3A02E1DCA049500564280 /* AVFoundation.framework */ = {isa = PBXFileReference; lastKnownFileType = wrapper.framework; name = AVFoundation.framework; path = System/Library/Frameworks/AVFoundation.framework; sourceTree = SDKROOT; };
		5CB3A0301DCA04C800564280 /* libsqlite3.tbd */ = {isa = PBXFileReference; lastKnownFileType = "sourcecode.text-based-dylib-definition"; name = libsqlite3.tbd; path = usr/lib/libsqlite3.tbd; sourceTree = SDKROOT; };
		5CB3A0321DCA04D400564280 /* CoreVideo.framework */ = {isa = PBXFileReference; lastKnownFileType = wrapper.framework; name = CoreVideo.framework; path = System/Library/Frameworks/CoreVideo.framework; sourceTree = SDKROOT; };
		5CB3A0341DCA04F400564280 /* CoreMedia.framework */ = {isa = PBXFileReference; lastKnownFileType = wrapper.framework; name = CoreMedia.framework; path = System/Library/Frameworks/CoreMedia.framework; sourceTree = SDKROOT; };
		5CDBCDAD1DD057EA001CFC39 /* FSShareEntity.h */ = {isa = PBXFileReference; fileEncoding = 4; lastKnownFileType = sourcecode.c.h; path = FSShareEntity.h; sourceTree = "<group>"; };
		5CDBCDAE1DD057EA001CFC39 /* FSShareEntity.m */ = {isa = PBXFileReference; fileEncoding = 4; lastKnownFileType = sourcecode.c.objc; path = FSShareEntity.m; sourceTree = "<group>"; };
		5CFE60151DC75B9C003640A4 /* myhome.app */ = {isa = PBXFileReference; explicitFileType = wrapper.application; includeInIndex = 0; path = myhome.app; sourceTree = BUILT_PRODUCTS_DIR; };
		5CFE60191DC75B9C003640A4 /* main.m */ = {isa = PBXFileReference; lastKnownFileType = sourcecode.c.objc; path = main.m; sourceTree = "<group>"; };
		5CFE601B1DC75B9C003640A4 /* AppDelegate.h */ = {isa = PBXFileReference; lastKnownFileType = sourcecode.c.h; path = AppDelegate.h; sourceTree = "<group>"; };
		5CFE601C1DC75B9C003640A4 /* AppDelegate.m */ = {isa = PBXFileReference; lastKnownFileType = sourcecode.c.objc; path = AppDelegate.m; sourceTree = "<group>"; };
		5CFE60221DC75B9C003640A4 /* Base */ = {isa = PBXFileReference; lastKnownFileType = file.storyboard; name = Base; path = Base.lproj/Main.storyboard; sourceTree = "<group>"; };
		5CFE60241DC75B9C003640A4 /* Assets.xcassets */ = {isa = PBXFileReference; lastKnownFileType = folder.assetcatalog; path = Assets.xcassets; sourceTree = "<group>"; };
		5CFE60271DC75B9C003640A4 /* Base */ = {isa = PBXFileReference; lastKnownFileType = file.storyboard; name = Base; path = Base.lproj/LaunchScreen.storyboard; sourceTree = "<group>"; };
		5CFE60291DC75B9C003640A4 /* Info.plist */ = {isa = PBXFileReference; lastKnownFileType = text.plist.xml; path = Info.plist; sourceTree = "<group>"; };
		5CFE619F1DC75C11003640A4 /* libsqlite3.0.tbd */ = {isa = PBXFileReference; lastKnownFileType = "sourcecode.text-based-dylib-definition"; name = libsqlite3.0.tbd; path = usr/lib/libsqlite3.0.tbd; sourceTree = SDKROOT; };
		6584AD39FD918E283A90C913 /* Pods-myhome.release.xcconfig */ = {isa = PBXFileReference; includeInIndex = 1; lastKnownFileType = text.xcconfig; name = "Pods-myhome.release.xcconfig"; path = "Pods/Target Support Files/Pods-myhome/Pods-myhome.release.xcconfig"; sourceTree = "<group>"; };
		71474B681DCABB1C0063DA08 /* ARTabBarController.h */ = {isa = PBXFileReference; fileEncoding = 4; lastKnownFileType = sourcecode.c.h; path = ARTabBarController.h; sourceTree = "<group>"; };
		71474B691DCABB1C0063DA08 /* ARTabBarController.m */ = {isa = PBXFileReference; fileEncoding = 4; lastKnownFileType = sourcecode.c.objc; path = ARTabBarController.m; sourceTree = "<group>"; };
		714F6EAF1DF3BC2B00E96EED /* ARHomeController.h */ = {isa = PBXFileReference; fileEncoding = 4; lastKnownFileType = sourcecode.c.h; path = ARHomeController.h; sourceTree = "<group>"; };
		714F6EB01DF3BC2B00E96EED /* ARHomeController.m */ = {isa = PBXFileReference; fileEncoding = 4; lastKnownFileType = sourcecode.c.objc; path = ARHomeController.m; sourceTree = "<group>"; };
		714F6EB11DF3BC2B00E96EED /* HACityController.h */ = {isa = PBXFileReference; fileEncoding = 4; lastKnownFileType = sourcecode.c.h; path = HACityController.h; sourceTree = "<group>"; };
		714F6EB21DF3BC2B00E96EED /* HACityController.m */ = {isa = PBXFileReference; fileEncoding = 4; lastKnownFileType = sourcecode.c.objc; path = HACityController.m; sourceTree = "<group>"; };
		714F6EB31DF3BC2B00E96EED /* HAToolController.h */ = {isa = PBXFileReference; fileEncoding = 4; lastKnownFileType = sourcecode.c.h; path = HAToolController.h; sourceTree = "<group>"; };
		714F6EB41DF3BC2B00E96EED /* HAToolController.m */ = {isa = PBXFileReference; fileEncoding = 4; lastKnownFileType = sourcecode.c.objc; path = HAToolController.m; sourceTree = "<group>"; };
		714F6EB61DF3BC2B00E96EED /* FSFlowView.h */ = {isa = PBXFileReference; fileEncoding = 4; lastKnownFileType = sourcecode.c.h; path = FSFlowView.h; sourceTree = "<group>"; };
		714F6EB71DF3BC2B00E96EED /* FSFlowView.m */ = {isa = PBXFileReference; fileEncoding = 4; lastKnownFileType = sourcecode.c.objc; path = FSFlowView.m; sourceTree = "<group>"; };
		714F6EBD1DF3C87D00E96EED /* FSShopClassView.h */ = {isa = PBXFileReference; fileEncoding = 4; lastKnownFileType = sourcecode.c.h; path = FSShopClassView.h; sourceTree = "<group>"; };
		714F6EBE1DF3C87D00E96EED /* FSShopClassView.m */ = {isa = PBXFileReference; fileEncoding = 4; lastKnownFileType = sourcecode.c.objc; path = FSShopClassView.m; sourceTree = "<group>"; };
		714F6EC01DF3D3F100E96EED /* HAShopCollectionCell.h */ = {isa = PBXFileReference; fileEncoding = 4; lastKnownFileType = sourcecode.c.h; path = HAShopCollectionCell.h; sourceTree = "<group>"; };
		714F6EC11DF3D3F100E96EED /* HAShopCollectionCell.m */ = {isa = PBXFileReference; fileEncoding = 4; lastKnownFileType = sourcecode.c.objc; path = HAShopCollectionCell.m; sourceTree = "<group>"; };
		71A66E791DEF1250002C28B9 /* HAShopController.h */ = {isa = PBXFileReference; fileEncoding = 4; lastKnownFileType = sourcecode.c.h; path = HAShopController.h; sourceTree = "<group>"; };
		71A66E7A1DEF1250002C28B9 /* HAShopController.m */ = {isa = PBXFileReference; fileEncoding = 4; lastKnownFileType = sourcecode.c.objc; path = HAShopController.m; sourceTree = "<group>"; };
		71DC23121DD2011A00BEB193 /* FSDBManager.h */ = {isa = PBXFileReference; fileEncoding = 4; lastKnownFileType = sourcecode.c.h; path = FSDBManager.h; sourceTree = "<group>"; };
		71DC23131DD2011A00BEB193 /* FSDBManager.m */ = {isa = PBXFileReference; fileEncoding = 4; lastKnownFileType = sourcecode.c.objc; path = FSDBManager.m; sourceTree = "<group>"; };
		71DC23151DD2011A00BEB193 /* FSAccountDoorController.h */ = {isa = PBXFileReference; fileEncoding = 4; lastKnownFileType = sourcecode.c.h; path = FSAccountDoorController.h; sourceTree = "<group>"; };
		71DC23161DD2011A00BEB193 /* FSAccountDoorController.m */ = {isa = PBXFileReference; fileEncoding = 4; lastKnownFileType = sourcecode.c.objc; path = FSAccountDoorController.m; sourceTree = "<group>"; };
		71DC23171DD2011A00BEB193 /* FSFinancesManagerController.h */ = {isa = PBXFileReference; fileEncoding = 4; lastKnownFileType = sourcecode.c.h; path = FSFinancesManagerController.h; sourceTree = "<group>"; };
		71DC23181DD2011A00BEB193 /* FSFinancesManagerController.m */ = {isa = PBXFileReference; fileEncoding = 4; lastKnownFileType = sourcecode.c.objc; path = FSFinancesManagerController.m; sourceTree = "<group>"; };
		71DC23191DD2011A00BEB193 /* FSFMAccountController.h */ = {isa = PBXFileReference; fileEncoding = 4; lastKnownFileType = sourcecode.c.h; path = FSFMAccountController.h; sourceTree = "<group>"; };
		71DC231A1DD2011A00BEB193 /* FSFMAccountController.m */ = {isa = PBXFileReference; fileEncoding = 4; lastKnownFileType = sourcecode.c.objc; path = FSFMAccountController.m; sourceTree = "<group>"; };
		71DC231B1DD2011A00BEB193 /* FSFMExpectController.h */ = {isa = PBXFileReference; fileEncoding = 4; lastKnownFileType = sourcecode.c.h; path = FSFMExpectController.h; sourceTree = "<group>"; };
		71DC231C1DD2011A00BEB193 /* FSFMExpectController.m */ = {isa = PBXFileReference; fileEncoding = 4; lastKnownFileType = sourcecode.c.objc; path = FSFMExpectController.m; sourceTree = "<group>"; };
		71DC231D1DD2011A00BEB193 /* FSFMListCell.h */ = {isa = PBXFileReference; fileEncoding = 4; lastKnownFileType = sourcecode.c.h; path = FSFMListCell.h; sourceTree = "<group>"; };
		71DC231E1DD2011A00BEB193 /* FSFMListCell.m */ = {isa = PBXFileReference; fileEncoding = 4; lastKnownFileType = sourcecode.c.objc; path = FSFMListCell.m; sourceTree = "<group>"; };
		71DC231F1DD2011A00BEB193 /* FSFMListController.h */ = {isa = PBXFileReference; fileEncoding = 4; lastKnownFileType = sourcecode.c.h; path = FSFMListController.h; sourceTree = "<group>"; };
		71DC23201DD2011A00BEB193 /* FSFMListController.m */ = {isa = PBXFileReference; fileEncoding = 4; lastKnownFileType = sourcecode.c.objc; path = FSFMListController.m; sourceTree = "<group>"; };
		71DC23211DD2011A00BEB193 /* FSFMSelectCell.h */ = {isa = PBXFileReference; fileEncoding = 4; lastKnownFileType = sourcecode.c.h; path = FSFMSelectCell.h; sourceTree = "<group>"; };
		71DC23221DD2011A00BEB193 /* FSFMSelectCell.m */ = {isa = PBXFileReference; fileEncoding = 4; lastKnownFileType = sourcecode.c.objc; path = FSFMSelectCell.m; sourceTree = "<group>"; };
		71DC23231DD2011A00BEB193 /* FSFMSelectController.h */ = {isa = PBXFileReference; fileEncoding = 4; lastKnownFileType = sourcecode.c.h; path = FSFMSelectController.h; sourceTree = "<group>"; };
		71DC23241DD2011A00BEB193 /* FSFMSelectController.m */ = {isa = PBXFileReference; fileEncoding = 4; lastKnownFileType = sourcecode.c.objc; path = FSFMSelectController.m; sourceTree = "<group>"; };
		71DC23251DD2011A00BEB193 /* FSTwoMinusController.h */ = {isa = PBXFileReference; fileEncoding = 4; lastKnownFileType = sourcecode.c.h; path = FSTwoMinusController.h; sourceTree = "<group>"; };
		71DC23261DD2011A00BEB193 /* FSTwoMinusController.m */ = {isa = PBXFileReference; fileEncoding = 4; lastKnownFileType = sourcecode.c.objc; path = FSTwoMinusController.m; sourceTree = "<group>"; };
		71DC23271DD2011A00BEB193 /* SQLEntity.h */ = {isa = PBXFileReference; fileEncoding = 4; lastKnownFileType = sourcecode.c.h; path = SQLEntity.h; sourceTree = "<group>"; };
		71DC23281DD2011A00BEB193 /* SQLEntity.m */ = {isa = PBXFileReference; fileEncoding = 4; lastKnownFileType = sourcecode.c.objc; path = SQLEntity.m; sourceTree = "<group>"; };
		71DC232A1DD2011A00BEB193 /* FIBaseEntity.h */ = {isa = PBXFileReference; fileEncoding = 4; lastKnownFileType = sourcecode.c.h; path = FIBaseEntity.h; sourceTree = "<group>"; };
		71DC232B1DD2011A00BEB193 /* FIBaseEntity.m */ = {isa = PBXFileReference; fileEncoding = 4; lastKnownFileType = sourcecode.c.objc; path = FIBaseEntity.m; sourceTree = "<group>"; };
		71DC232D1DD2011A00BEB193 /* ChineseCalendarView.h */ = {isa = PBXFileReference; fileEncoding = 4; lastKnownFileType = sourcecode.c.h; path = ChineseCalendarView.h; sourceTree = "<group>"; };
		71DC232E1DD2011A00BEB193 /* ChineseCalendarView.m */ = {isa = PBXFileReference; fileEncoding = 4; lastKnownFileType = sourcecode.c.objc; path = ChineseCalendarView.m; sourceTree = "<group>"; };
		71DC232F1DD2011A00BEB193 /* ExhaustiveCalendar.h */ = {isa = PBXFileReference; fileEncoding = 4; lastKnownFileType = sourcecode.c.h; path = ExhaustiveCalendar.h; sourceTree = "<group>"; };
		71DC23301DD2011A00BEB193 /* ExhaustiveCalendar.m */ = {isa = PBXFileReference; fileEncoding = 4; lastKnownFileType = sourcecode.c.objc; path = ExhaustiveCalendar.m; sourceTree = "<group>"; };
		71DC23311DD2011A00BEB193 /* FSCCDayView.h */ = {isa = PBXFileReference; fileEncoding = 4; lastKnownFileType = sourcecode.c.h; path = FSCCDayView.h; sourceTree = "<group>"; };
		71DC23321DD2011A00BEB193 /* FSCCDayView.m */ = {isa = PBXFileReference; fileEncoding = 4; lastKnownFileType = sourcecode.c.objc; path = FSCCDayView.m; sourceTree = "<group>"; };
		71DC23331DD2011A00BEB193 /* FSCCHeadView.h */ = {isa = PBXFileReference; fileEncoding = 4; lastKnownFileType = sourcecode.c.h; path = FSCCHeadView.h; sourceTree = "<group>"; };
		71DC23341DD2011A00BEB193 /* FSCCHeadView.m */ = {isa = PBXFileReference; fileEncoding = 4; lastKnownFileType = sourcecode.c.objc; path = FSCCHeadView.m; sourceTree = "<group>"; };
		71DC23351DD2011A00BEB193 /* FSCCMainView.h */ = {isa = PBXFileReference; fileEncoding = 4; lastKnownFileType = sourcecode.c.h; path = FSCCMainView.h; sourceTree = "<group>"; };
		71DC23361DD2011A00BEB193 /* FSCCMainView.m */ = {isa = PBXFileReference; fileEncoding = 4; lastKnownFileType = sourcecode.c.objc; path = FSCCMainView.m; sourceTree = "<group>"; };
		71DC23371DD2011A00BEB193 /* FSChineseCalendarController.h */ = {isa = PBXFileReference; fileEncoding = 4; lastKnownFileType = sourcecode.c.h; path = FSChineseCalendarController.h; sourceTree = "<group>"; };
		71DC23381DD2011A00BEB193 /* FSChineseCalendarController.m */ = {isa = PBXFileReference; fileEncoding = 4; lastKnownFileType = sourcecode.c.objc; path = FSChineseCalendarController.m; sourceTree = "<group>"; };
		71DC233A1DD2011A00BEB193 /* Datetime.h */ = {isa = PBXFileReference; fileEncoding = 4; lastKnownFileType = sourcecode.c.h; path = Datetime.h; sourceTree = "<group>"; };
		71DC233B1DD2011A00BEB193 /* Datetime.m */ = {isa = PBXFileReference; fileEncoding = 4; lastKnownFileType = sourcecode.c.objc; path = Datetime.m; sourceTree = "<group>"; };
		71DC233D1DD2011A00BEB193 /* CYDatetime.h */ = {isa = PBXFileReference; fileEncoding = 4; lastKnownFileType = sourcecode.c.h; path = CYDatetime.h; sourceTree = "<group>"; };
		71DC233E1DD2011A00BEB193 /* CYDatetime.m */ = {isa = PBXFileReference; fileEncoding = 4; lastKnownFileType = sourcecode.c.objc; path = CYDatetime.m; sourceTree = "<group>"; };
		71DC233F1DD2011A00BEB193 /* FSLunarCalendar.h */ = {isa = PBXFileReference; fileEncoding = 4; lastKnownFileType = sourcecode.c.h; path = FSLunarCalendar.h; sourceTree = "<group>"; };
		71DC23401DD2011A00BEB193 /* FSLunarCalendar.m */ = {isa = PBXFileReference; fileEncoding = 4; lastKnownFileType = sourcecode.c.objc; path = FSLunarCalendar.m; sourceTree = "<group>"; };
		71DC23421DD2011A00BEB193 /* ClipPictureController.h */ = {isa = PBXFileReference; fileEncoding = 4; lastKnownFileType = sourcecode.c.h; path = ClipPictureController.h; sourceTree = "<group>"; };
		71DC23431DD2011A00BEB193 /* ClipPictureController.m */ = {isa = PBXFileReference; fileEncoding = 4; lastKnownFileType = sourcecode.c.objc; path = ClipPictureController.m; sourceTree = "<group>"; };
		71DC23451DD2011A00BEB193 /* fishhook.c */ = {isa = PBXFileReference; fileEncoding = 4; lastKnownFileType = sourcecode.c.c; path = fishhook.c; sourceTree = "<group>"; };
		71DC23461DD2011A00BEB193 /* fishhook.h */ = {isa = PBXFileReference; fileEncoding = 4; lastKnownFileType = sourcecode.c.h; path = fishhook.h; sourceTree = "<group>"; };
		71DC23471DD2011A00BEB193 /* FlowCollector.h */ = {isa = PBXFileReference; fileEncoding = 4; lastKnownFileType = sourcecode.c.h; path = FlowCollector.h; sourceTree = "<group>"; };
		71DC23481DD2011A00BEB193 /* FlowCollector.m */ = {isa = PBXFileReference; fileEncoding = 4; lastKnownFileType = sourcecode.c.objc; path = FlowCollector.m; sourceTree = "<group>"; };
		71DC23491DD2011A00BEB193 /* FlowMeterKeys.h */ = {isa = PBXFileReference; fileEncoding = 4; lastKnownFileType = sourcecode.c.h; path = FlowMeterKeys.h; sourceTree = "<group>"; };
		71DC234B1DD2011A00BEB193 /* GTMBase64.h */ = {isa = PBXFileReference; fileEncoding = 4; lastKnownFileType = sourcecode.c.h; path = GTMBase64.h; sourceTree = "<group>"; };
		71DC234C1DD2011A00BEB193 /* GTMBase64.m */ = {isa = PBXFileReference; fileEncoding = 4; lastKnownFileType = sourcecode.c.objc; path = GTMBase64.m; sourceTree = "<group>"; };
		71DC234D1DD2011A00BEB193 /* GTMDefines.h */ = {isa = PBXFileReference; fileEncoding = 4; lastKnownFileType = sourcecode.c.h; path = GTMDefines.h; sourceTree = "<group>"; };
		71DC234F1DD2011A00BEB193 /* UIView+Addition.h */ = {isa = PBXFileReference; fileEncoding = 4; lastKnownFileType = sourcecode.c.h; path = "UIView+Addition.h"; sourceTree = "<group>"; };
		71DC23501DD2011A00BEB193 /* UIView+Addition.m */ = {isa = PBXFileReference; fileEncoding = 4; lastKnownFileType = sourcecode.c.objc; path = "UIView+Addition.m"; sourceTree = "<group>"; };
		71DC23511DD2011A00BEB193 /* UIViewExt.h */ = {isa = PBXFileReference; fileEncoding = 4; lastKnownFileType = sourcecode.c.h; path = UIViewExt.h; sourceTree = "<group>"; };
		71DC23521DD2011A00BEB193 /* UIViewExt.m */ = {isa = PBXFileReference; fileEncoding = 4; lastKnownFileType = sourcecode.c.objc; path = UIViewExt.m; sourceTree = "<group>"; };
		71DC23531DD2011A00BEB193 /* FSMacro.h */ = {isa = PBXFileReference; fileEncoding = 4; lastKnownFileType = sourcecode.c.h; path = FSMacro.h; sourceTree = "<group>"; };
		71DC23541DD2011A00BEB193 /* FuSoft.h */ = {isa = PBXFileReference; fileEncoding = 4; lastKnownFileType = sourcecode.c.h; path = FuSoft.h; sourceTree = "<group>"; };
		71DC23571DD2011A00BEB193 /* FSBaseController.h */ = {isa = PBXFileReference; fileEncoding = 4; lastKnownFileType = sourcecode.c.h; path = FSBaseController.h; sourceTree = "<group>"; };
		71DC23581DD2011A00BEB193 /* FSBaseController.m */ = {isa = PBXFileReference; fileEncoding = 4; lastKnownFileType = sourcecode.c.objc; path = FSBaseController.m; sourceTree = "<group>"; };
		71DC23591DD2011A00BEB193 /* FSBaseView.h */ = {isa = PBXFileReference; fileEncoding = 4; lastKnownFileType = sourcecode.c.h; path = FSBaseView.h; sourceTree = "<group>"; };
		71DC235A1DD2011A00BEB193 /* FSBaseView.m */ = {isa = PBXFileReference; fileEncoding = 4; lastKnownFileType = sourcecode.c.objc; path = FSBaseView.m; sourceTree = "<group>"; };
		71DC235B1DD2011A00BEB193 /* FSCharTBController.h */ = {isa = PBXFileReference; fileEncoding = 4; lastKnownFileType = sourcecode.c.h; path = FSCharTBController.h; sourceTree = "<group>"; };
		71DC235C1DD2011A00BEB193 /* FSCharTBController.m */ = {isa = PBXFileReference; fileEncoding = 4; lastKnownFileType = sourcecode.c.objc; path = FSCharTBController.m; sourceTree = "<group>"; };
		71DC235D1DD2011A00BEB193 /* FSHardwareInfoController.h */ = {isa = PBXFileReference; fileEncoding = 4; lastKnownFileType = sourcecode.c.h; path = FSHardwareInfoController.h; sourceTree = "<group>"; };
		71DC235E1DD2011A00BEB193 /* FSHardwareInfoController.m */ = {isa = PBXFileReference; fileEncoding = 4; lastKnownFileType = sourcecode.c.objc; path = FSHardwareInfoController.m; sourceTree = "<group>"; };
		71DC235F1DD2011A00BEB193 /* FSLeftItem.h */ = {isa = PBXFileReference; fileEncoding = 4; lastKnownFileType = sourcecode.c.h; path = FSLeftItem.h; sourceTree = "<group>"; };
		71DC23601DD2011A00BEB193 /* FSLeftItem.m */ = {isa = PBXFileReference; fileEncoding = 4; lastKnownFileType = sourcecode.c.objc; path = FSLeftItem.m; sourceTree = "<group>"; };
		71DC23611DD2011A00BEB193 /* FSNavigationController.h */ = {isa = PBXFileReference; fileEncoding = 4; lastKnownFileType = sourcecode.c.h; path = FSNavigationController.h; sourceTree = "<group>"; };
		71DC23621DD2011A00BEB193 /* FSNavigationController.m */ = {isa = PBXFileReference; fileEncoding = 4; lastKnownFileType = sourcecode.c.objc; path = FSNavigationController.m; sourceTree = "<group>"; };
		71DC23631DD2011A00BEB193 /* UIView+ViewController.h */ = {isa = PBXFileReference; fileEncoding = 4; lastKnownFileType = sourcecode.c.h; path = "UIView+ViewController.h"; sourceTree = "<group>"; };
		71DC23641DD2011A00BEB193 /* UIView+ViewController.m */ = {isa = PBXFileReference; fileEncoding = 4; lastKnownFileType = sourcecode.c.objc; path = "UIView+ViewController.m"; sourceTree = "<group>"; };
		71DC23661DD2011A00BEB193 /* FSCacheManager.h */ = {isa = PBXFileReference; fileEncoding = 4; lastKnownFileType = sourcecode.c.h; path = FSCacheManager.h; sourceTree = "<group>"; };
		71DC23671DD2011A00BEB193 /* FSCacheManager.m */ = {isa = PBXFileReference; fileEncoding = 4; lastKnownFileType = sourcecode.c.objc; path = FSCacheManager.m; sourceTree = "<group>"; };
		71DC23691DD2011A00BEB193 /* FIMoveButton.h */ = {isa = PBXFileReference; fileEncoding = 4; lastKnownFileType = sourcecode.c.h; path = FIMoveButton.h; sourceTree = "<group>"; };
		71DC236A1DD2011A00BEB193 /* FIMoveButton.m */ = {isa = PBXFileReference; fileEncoding = 4; lastKnownFileType = sourcecode.c.objc; path = FIMoveButton.m; sourceTree = "<group>"; };
		71DC236B1DD2011A00BEB193 /* FSBlockButton.h */ = {isa = PBXFileReference; fileEncoding = 4; lastKnownFileType = sourcecode.c.h; path = FSBlockButton.h; sourceTree = "<group>"; };
		71DC236C1DD2011A00BEB193 /* FSBlockButton.m */ = {isa = PBXFileReference; fileEncoding = 4; lastKnownFileType = sourcecode.c.objc; path = FSBlockButton.m; sourceTree = "<group>"; };
		71DC236D1DD2011A00BEB193 /* FSImageLabelView.h */ = {isa = PBXFileReference; fileEncoding = 4; lastKnownFileType = sourcecode.c.h; path = FSImageLabelView.h; sourceTree = "<group>"; };
		71DC236E1DD2011A00BEB193 /* FSImageLabelView.m */ = {isa = PBXFileReference; fileEncoding = 4; lastKnownFileType = sourcecode.c.objc; path = FSImageLabelView.m; sourceTree = "<group>"; };
		71DC236F1DD2011A00BEB193 /* FSMoveLabel.h */ = {isa = PBXFileReference; fileEncoding = 4; lastKnownFileType = sourcecode.c.h; path = FSMoveLabel.h; sourceTree = "<group>"; };
		71DC23701DD2011A00BEB193 /* FSMoveLabel.m */ = {isa = PBXFileReference; fileEncoding = 4; lastKnownFileType = sourcecode.c.objc; path = FSMoveLabel.m; sourceTree = "<group>"; };
		71DC23711DD2011A00BEB193 /* FSSegmentControl.h */ = {isa = PBXFileReference; fileEncoding = 4; lastKnownFileType = sourcecode.c.h; path = FSSegmentControl.h; sourceTree = "<group>"; };
		71DC23721DD2011A00BEB193 /* FSSegmentControl.m */ = {isa = PBXFileReference; fileEncoding = 4; lastKnownFileType = sourcecode.c.objc; path = FSSegmentControl.m; sourceTree = "<group>"; };
		71DC23731DD2011A00BEB193 /* FSTapCell.h */ = {isa = PBXFileReference; fileEncoding = 4; lastKnownFileType = sourcecode.c.h; path = FSTapCell.h; sourceTree = "<group>"; };
		71DC23741DD2011A00BEB193 /* FSTapCell.m */ = {isa = PBXFileReference; fileEncoding = 4; lastKnownFileType = sourcecode.c.objc; path = FSTapCell.m; sourceTree = "<group>"; };
		71DC23751DD2011B00BEB193 /* FSTapLabel.h */ = {isa = PBXFileReference; fileEncoding = 4; lastKnownFileType = sourcecode.c.h; path = FSTapLabel.h; sourceTree = "<group>"; };
		71DC23761DD2011B00BEB193 /* FSTapLabel.m */ = {isa = PBXFileReference; fileEncoding = 4; lastKnownFileType = sourcecode.c.objc; path = FSTapLabel.m; sourceTree = "<group>"; };
		71DC23771DD2011B00BEB193 /* FSTapScrollView.h */ = {isa = PBXFileReference; fileEncoding = 4; lastKnownFileType = sourcecode.c.h; path = FSTapScrollView.h; sourceTree = "<group>"; };
		71DC23781DD2011B00BEB193 /* FSTapScrollView.m */ = {isa = PBXFileReference; fileEncoding = 4; lastKnownFileType = sourcecode.c.objc; path = FSTapScrollView.m; sourceTree = "<group>"; };
		71DC23791DD2011B00BEB193 /* FSWBView.h */ = {isa = PBXFileReference; fileEncoding = 4; lastKnownFileType = sourcecode.c.h; path = FSWBView.h; sourceTree = "<group>"; };
		71DC237A1DD2011B00BEB193 /* FSWBView.m */ = {isa = PBXFileReference; fileEncoding = 4; lastKnownFileType = sourcecode.c.objc; path = FSWBView.m; sourceTree = "<group>"; };
		71DC237B1DD2011B00BEB193 /* FSWebImageView.h */ = {isa = PBXFileReference; fileEncoding = 4; lastKnownFileType = sourcecode.c.h; path = FSWebImageView.h; sourceTree = "<group>"; };
		71DC237C1DD2011B00BEB193 /* FSWebImageView.m */ = {isa = PBXFileReference; fileEncoding = 4; lastKnownFileType = sourcecode.c.objc; path = FSWebImageView.m; sourceTree = "<group>"; };
		71DC237E1DD2011B00BEB193 /* FSDatePickerView.h */ = {isa = PBXFileReference; fileEncoding = 4; lastKnownFileType = sourcecode.c.h; path = FSDatePickerView.h; sourceTree = "<group>"; };
		71DC237F1DD2011B00BEB193 /* FSDatePickerView.m */ = {isa = PBXFileReference; fileEncoding = 4; lastKnownFileType = sourcecode.c.objc; path = FSDatePickerView.m; sourceTree = "<group>"; };
		71DC23811DD2011B00BEB193 /* FSSelectController.h */ = {isa = PBXFileReference; fileEncoding = 4; lastKnownFileType = sourcecode.c.h; path = FSSelectController.h; sourceTree = "<group>"; };
		71DC23821DD2011B00BEB193 /* FSSelectController.m */ = {isa = PBXFileReference; fileEncoding = 4; lastKnownFileType = sourcecode.c.objc; path = FSSelectController.m; sourceTree = "<group>"; };
		71DC23831DD2011B00BEB193 /* FSSelectSectionController.h */ = {isa = PBXFileReference; fileEncoding = 4; lastKnownFileType = sourcecode.c.h; path = FSSelectSectionController.h; sourceTree = "<group>"; };
		71DC23841DD2011B00BEB193 /* FSSelectSectionController.m */ = {isa = PBXFileReference; fileEncoding = 4; lastKnownFileType = sourcecode.c.objc; path = FSSelectSectionController.m; sourceTree = "<group>"; };
		71DC23861DD2011B00BEB193 /* FSViewManager.h */ = {isa = PBXFileReference; fileEncoding = 4; lastKnownFileType = sourcecode.c.h; path = FSViewManager.h; sourceTree = "<group>"; };
		71DC23871DD2011B00BEB193 /* FSViewManager.m */ = {isa = PBXFileReference; fileEncoding = 4; lastKnownFileType = sourcecode.c.objc; path = FSViewManager.m; sourceTree = "<group>"; };
		71DC23891DD2011B00BEB193 /* FIWebView.h */ = {isa = PBXFileReference; fileEncoding = 4; lastKnownFileType = sourcecode.c.h; path = FIWebView.h; sourceTree = "<group>"; };
		71DC238A1DD2011B00BEB193 /* FIWebView.m */ = {isa = PBXFileReference; fileEncoding = 4; lastKnownFileType = sourcecode.c.objc; path = FIWebView.m; sourceTree = "<group>"; };
		71DC238B1DD2011B00BEB193 /* FSHTMLController.h */ = {isa = PBXFileReference; fileEncoding = 4; lastKnownFileType = sourcecode.c.h; path = FSHTMLController.h; sourceTree = "<group>"; };
		71DC238C1DD2011B00BEB193 /* FSHTMLController.m */ = {isa = PBXFileReference; fileEncoding = 4; lastKnownFileType = sourcecode.c.objc; path = FSHTMLController.m; sourceTree = "<group>"; };
		71DC238D1DD2011B00BEB193 /* FSWebController.h */ = {isa = PBXFileReference; fileEncoding = 4; lastKnownFileType = sourcecode.c.h; path = FSWebController.h; sourceTree = "<group>"; };
		71DC238E1DD2011B00BEB193 /* FSWebController.m */ = {isa = PBXFileReference; fileEncoding = 4; lastKnownFileType = sourcecode.c.objc; path = FSWebController.m; sourceTree = "<group>"; };
		71DC238F1DD2011B00BEB193 /* FSWebViewController.h */ = {isa = PBXFileReference; fileEncoding = 4; lastKnownFileType = sourcecode.c.h; path = FSWebViewController.h; sourceTree = "<group>"; };
		71DC23901DD2011B00BEB193 /* FSWebViewController.m */ = {isa = PBXFileReference; fileEncoding = 4; lastKnownFileType = sourcecode.c.objc; path = FSWebViewController.m; sourceTree = "<group>"; };
		71DC23921DD2011B00BEB193 /* FSMakeQRController.h */ = {isa = PBXFileReference; fileEncoding = 4; lastKnownFileType = sourcecode.c.h; path = FSMakeQRController.h; sourceTree = "<group>"; };
		71DC23931DD2011B00BEB193 /* FSMakeQRController.m */ = {isa = PBXFileReference; fileEncoding = 4; lastKnownFileType = sourcecode.c.objc; path = FSMakeQRController.m; sourceTree = "<group>"; };
		71DC23941DD2011B00BEB193 /* fsqr1.png */ = {isa = PBXFileReference; lastKnownFileType = image.png; path = fsqr1.png; sourceTree = "<group>"; };
		71DC23951DD2011B00BEB193 /* fsqr2.png */ = {isa = PBXFileReference; lastKnownFileType = image.png; path = fsqr2.png; sourceTree = "<group>"; };
		71DC23961DD2011B00BEB193 /* fsqr3.png */ = {isa = PBXFileReference; lastKnownFileType = image.png; path = fsqr3.png; sourceTree = "<group>"; };
		71DC23971DD2011B00BEB193 /* fsqr4.png */ = {isa = PBXFileReference; lastKnownFileType = image.png; path = fsqr4.png; sourceTree = "<group>"; };
		71DC23981DD2011B00BEB193 /* FSQRController.h */ = {isa = PBXFileReference; fileEncoding = 4; lastKnownFileType = sourcecode.c.h; path = FSQRController.h; sourceTree = "<group>"; };
		71DC23991DD2011B00BEB193 /* FSQRController.m */ = {isa = PBXFileReference; fileEncoding = 4; lastKnownFileType = sourcecode.c.objc; path = FSQRController.m; sourceTree = "<group>"; };
		71DC239A1DD2011B00BEB193 /* fsqrlightoff.png */ = {isa = PBXFileReference; lastKnownFileType = image.png; path = fsqrlightoff.png; sourceTree = "<group>"; };
		71DC239B1DD2011B00BEB193 /* fsqrlighton.png */ = {isa = PBXFileReference; lastKnownFileType = image.png; path = fsqrlighton.png; sourceTree = "<group>"; };
		71DC239C1DD2011B00BEB193 /* fsqrline.png */ = {isa = PBXFileReference; lastKnownFileType = image.png; path = fsqrline.png; sourceTree = "<group>"; };
		71DC239D1DD2011B00BEB193 /* fsqrmsg.wav */ = {isa = PBXFileReference; lastKnownFileType = audio.wav; path = fsqrmsg.wav; sourceTree = "<group>"; };
		71DC239F1DD2011B00BEB193 /* FSAddTaxModelController.h */ = {isa = PBXFileReference; fileEncoding = 4; lastKnownFileType = sourcecode.c.h; path = FSAddTaxModelController.h; sourceTree = "<group>"; };
		71DC23A01DD2011B00BEB193 /* FSAddTaxModelController.m */ = {isa = PBXFileReference; fileEncoding = 4; lastKnownFileType = sourcecode.c.objc; path = FSAddTaxModelController.m; sourceTree = "<group>"; };
		71DC23A11DD2011B00BEB193 /* FSTaxDetailView.h */ = {isa = PBXFileReference; fileEncoding = 4; lastKnownFileType = sourcecode.c.h; path = FSTaxDetailView.h; sourceTree = "<group>"; };
		71DC23A21DD2011B00BEB193 /* FSTaxDetailView.m */ = {isa = PBXFileReference; fileEncoding = 4; lastKnownFileType = sourcecode.c.objc; path = FSTaxDetailView.m; sourceTree = "<group>"; };
		71DC23A31DD2011B00BEB193 /* FSTaxOfIncomeController.h */ = {isa = PBXFileReference; fileEncoding = 4; lastKnownFileType = sourcecode.c.h; path = FSTaxOfIncomeController.h; sourceTree = "<group>"; };
		71DC23A41DD2011B00BEB193 /* FSTaxOfIncomeController.m */ = {isa = PBXFileReference; fileEncoding = 4; lastKnownFileType = sourcecode.c.objc; path = FSTaxOfIncomeController.m; sourceTree = "<group>"; };
		71DC23A51DD2011B00BEB193 /* FSTaxRateEntity.h */ = {isa = PBXFileReference; fileEncoding = 4; lastKnownFileType = sourcecode.c.h; path = FSTaxRateEntity.h; sourceTree = "<group>"; };
		71DC23A61DD2011B00BEB193 /* FSTaxRateEntity.m */ = {isa = PBXFileReference; fileEncoding = 4; lastKnownFileType = sourcecode.c.objc; path = FSTaxRateEntity.m; sourceTree = "<group>"; };
		71DC23A71DD2011B00BEB193 /* Note.txt */ = {isa = PBXFileReference; fileEncoding = 4; lastKnownFileType = text; path = Note.txt; sourceTree = "<group>"; };
		71DC23A81DD2011B00BEB193 /* README.md */ = {isa = PBXFileReference; fileEncoding = 4; lastKnownFileType = net.daringfireball.markdown; path = README.md; sourceTree = "<group>"; };
		71DC24021DD2011B00BEB193 /* FSWebUrl.h */ = {isa = PBXFileReference; fileEncoding = 4; lastKnownFileType = sourcecode.c.h; path = FSWebUrl.h; sourceTree = "<group>"; };
		71DC24031DD2011B00BEB193 /* FuData.h */ = {isa = PBXFileReference; fileEncoding = 4; lastKnownFileType = sourcecode.c.h; path = FuData.h; sourceTree = "<group>"; };
		71DC24041DD2011B00BEB193 /* FuData.m */ = {isa = PBXFileReference; fileEncoding = 4; lastKnownFileType = sourcecode.c.objc; path = FuData.m; sourceTree = "<group>"; };
		71DC24051DD2011B00BEB193 /* FuSing.h */ = {isa = PBXFileReference; fileEncoding = 4; lastKnownFileType = sourcecode.c.h; path = FuSing.h; sourceTree = "<group>"; };
		71DC24061DD2011B00BEB193 /* FuSing.m */ = {isa = PBXFileReference; fileEncoding = 4; lastKnownFileType = sourcecode.c.objc; path = FuSing.m; sourceTree = "<group>"; };
		71DC24071DD2011B00BEB193 /* FuWeb.h */ = {isa = PBXFileReference; fileEncoding = 4; lastKnownFileType = sourcecode.c.h; path = FuWeb.h; sourceTree = "<group>"; };
		71DC24081DD2011B00BEB193 /* FuWeb.m */ = {isa = PBXFileReference; fileEncoding = 4; lastKnownFileType = sourcecode.c.objc; path = FuWeb.m; sourceTree = "<group>"; };
		71DC25E31DD3616C00BEB193 /* FSH5.html */ = {isa = PBXFileReference; fileEncoding = 4; lastKnownFileType = text.html; path = FSH5.html; sourceTree = "<group>"; };
		71DC25E51DD3624D00BEB193 /* ARAbout.html */ = {isa = PBXFileReference; fileEncoding = 4; lastKnownFileType = text.html; path = ARAbout.html; sourceTree = "<group>"; };
		71DC25E71DD3F98500BEB193 /* QuartzCore.framework */ = {isa = PBXFileReference; lastKnownFileType = wrapper.framework; name = QuartzCore.framework; path = System/Library/Frameworks/QuartzCore.framework; sourceTree = SDKROOT; };
		80481221648A5E66ECC9DA35 /* Pods-myhome.debug.xcconfig */ = {isa = PBXFileReference; includeInIndex = 1; lastKnownFileType = text.xcconfig; name = "Pods-myhome.debug.xcconfig"; path = "Pods/Target Support Files/Pods-myhome/Pods-myhome.debug.xcconfig"; sourceTree = "<group>"; };
		AED98BB851B3E5659CC617B6 /* libPods-myhome.a */ = {isa = PBXFileReference; explicitFileType = archive.ar; includeInIndex = 0; path = "libPods-myhome.a"; sourceTree = BUILT_PRODUCTS_DIR; };
/* End PBXFileReference section */

/* Begin PBXFrameworksBuildPhase section */
		5CFE60121DC75B9C003640A4 /* Frameworks */ = {
			isa = PBXFrameworksBuildPhase;
			buildActionMask = 2147483647;
			files = (
				71DC25E81DD3F98500BEB193 /* QuartzCore.framework in Frameworks */,
				5CB3A02D1DCA044600564280 /* libc++.tbd in Frameworks */,
				5C9337C41DCB40060091D3D8 /* libz.tbd in Frameworks */,
				5C9337FF1DCB447B0091D3D8 /* libWeChatSDK.a in Frameworks */,
				5C9337C21DCB3FFF0091D3D8 /* libstdc++.tbd in Frameworks */,
				5C9337FB1DCB447B0091D3D8 /* libWeiboSDK.a in Frameworks */,
				5C9337C01DCB3FF20091D3D8 /* CoreTelephony.framework in Frameworks */,
				5CB3A0311DCA04C800564280 /* libsqlite3.tbd in Frameworks */,
				5C9337BC1DCB3FB50091D3D8 /* CoreGraphics.framework in Frameworks */,
				5C9337BA1DCB3FAE0091D3D8 /* SystemConfiguration.framework in Frameworks */,
				5C9337B81DCB3FA80091D3D8 /* libiconv.tbd in Frameworks */,
				5C9337B31DCB3F800091D3D8 /* Security.framework in Frameworks */,
				5C9337FD1DCB447B0091D3D8 /* TencentOpenAPI.framework in Frameworks */,
				5CB3A0351DCA04F400564280 /* CoreMedia.framework in Frameworks */,
				5CB3A0331DCA04D400564280 /* CoreVideo.framework in Frameworks */,
				5CB3A02F1DCA049500564280 /* AVFoundation.framework in Frameworks */,
				5CFE61A01DC75C11003640A4 /* libsqlite3.0.tbd in Frameworks */,
				1FD3E4DD471F75164753B4C1 /* libPods-myhome.a in Frameworks */,
			);
			runOnlyForDeploymentPostprocessing = 0;
		};
/* End PBXFrameworksBuildPhase section */

/* Begin PBXGroup section */
		5C9337D41DCB447B0091D3D8 /* FSShareManager */ = {
			isa = PBXGroup;
			children = (
				5C9337D71DCB447B0091D3D8 /* FSShareManager.h */,
				5C9337D81DCB447B0091D3D8 /* FSShareManager.m */,
				5C9337D91DCB447B0091D3D8 /* FSShareView.h */,
				5C9337DA1DCB447B0091D3D8 /* FSShareView.m */,
				5C9337DB1DCB447B0091D3D8 /* FSTouchView.h */,
				5C9337DC1DCB447B0091D3D8 /* FSTouchView.m */,
				5C9337DD1DCB447B0091D3D8 /* Lib */,
				5CDBCDAD1DD057EA001CFC39 /* FSShareEntity.h */,
				5CDBCDAE1DD057EA001CFC39 /* FSShareEntity.m */,
			);
			path = FSShareManager;
			sourceTree = "<group>";
		};
		5C9337DD1DCB447B0091D3D8 /* Lib */ = {
			isa = PBXGroup;
			children = (
				5C9337DE1DCB447B0091D3D8 /* libWeiboSDK */,
				5C9337EC1DCB447B0091D3D8 /* Tencent3.1.0 */,
				5C9337EF1DCB447B0091D3D8 /* WeChatSDK_1.7.1 */,
			);
			path = Lib;
			sourceTree = "<group>";
		};
		5C9337DE1DCB447B0091D3D8 /* libWeiboSDK */ = {
			isa = PBXGroup;
			children = (
				5C9337DF1DCB447B0091D3D8 /* libWeiboSDK.a */,
				5C9337E01DCB447B0091D3D8 /* WBHttpRequest+WeiboGame.h */,
				5C9337E11DCB447B0091D3D8 /* WBHttpRequest+WeiboShare.h */,
				5C9337E21DCB447B0091D3D8 /* WBHttpRequest+WeiboToken.h */,
				5C9337E31DCB447B0091D3D8 /* WBHttpRequest+WeiboUser.h */,
				5C9337E41DCB447B0091D3D8 /* WBHttpRequest.h */,
				5C9337E51DCB447B0091D3D8 /* WBSDKBasicButton.h */,
				5C9337E61DCB447B0091D3D8 /* WBSDKCommentButton.h */,
				5C9337E71DCB447B0091D3D8 /* WBSDKRelationshipButton.h */,
				5C9337E81DCB447B0091D3D8 /* WeiboSDK+Statistics.h */,
				5C9337E91DCB447B0091D3D8 /* WeiboSDK.bundle */,
				5C9337EA1DCB447B0091D3D8 /* WeiboSDK.h */,
				5C9337EB1DCB447B0091D3D8 /* WeiboUser.h */,
			);
			path = libWeiboSDK;
			sourceTree = "<group>";
		};
		5C9337EC1DCB447B0091D3D8 /* Tencent3.1.0 */ = {
			isa = PBXGroup;
			children = (
				5C9337ED1DCB447B0091D3D8 /* TencentOpenAPI.framework */,
				5C9337EE1DCB447B0091D3D8 /* TencentOpenApi_IOS_Bundle.bundle */,
			);
			path = Tencent3.1.0;
			sourceTree = "<group>";
		};
		5C9337EF1DCB447B0091D3D8 /* WeChatSDK_1.7.1 */ = {
			isa = PBXGroup;
			children = (
				5C9337F01DCB447B0091D3D8 /* libWeChatSDK.a */,
				5C9337F11DCB447B0091D3D8 /* README.txt */,
				5C9337F21DCB447B0091D3D8 /* WechatAuthSDK.h */,
				5C9337F31DCB447B0091D3D8 /* WXApi.h */,
				5C9337F41DCB447B0091D3D8 /* WXApiObject.h */,
			);
			path = WeChatSDK_1.7.1;
			sourceTree = "<group>";
		};
		5CA360D01DC8AD4700523FF5 /* Home */ = {
			isa = PBXGroup;
			children = (
				714F6EAE1DF3BC2B00E96EED /* Controllers */,
				714F6EB51DF3BC2B00E96EED /* Views */,
			);
			path = Home;
			sourceTree = "<group>";
		};
		5CA360D11DC8AD4700523FF5 /* Offer */ = {
			isa = PBXGroup;
			children = (
				714F6EBC1DF3C85000E96EED /* Views */,
				5CA360D71DC8ADC300523FF5 /* AROfferController.h */,
				5CA360D81DC8ADC300523FF5 /* AROfferController.m */,
				71A66E791DEF1250002C28B9 /* HAShopController.h */,
				71A66E7A1DEF1250002C28B9 /* HAShopController.m */,
			);
			path = Offer;
			sourceTree = "<group>";
		};
		5CA360D21DC8AD4700523FF5 /* Person */ = {
			isa = PBXGroup;
			children = (
				5CA360DA1DC8ADCE00523FF5 /* ARPersonController.h */,
				5CA360DB1DC8ADCE00523FF5 /* ARPersonController.m */,
				5C7C38DC1DD1D14600D68C3B /* ARAboutController.h */,
				5C7C38DD1DD1D14600D68C3B /* ARAboutController.m */,
			);
			path = Person;
			sourceTree = "<group>";
		};
		5CA360D31DC8AD4700523FF5 /* Tool */ = {
			isa = PBXGroup;
			children = (
				5CA360DD1DC8ADD800523FF5 /* ARToolController.h */,
				5CA360DE1DC8ADD800523FF5 /* ARToolController.m */,
			);
			path = Tool;
			sourceTree = "<group>";
		};
		5CB39FE61DC9FCEB00564280 /* Thanks */ = {
			isa = PBXGroup;
			children = (
				71A66E7C1DEF1E3F002C28B9 /* Other */,
				5C9337D41DCB447B0091D3D8 /* FSShareManager */,
			);
			path = Thanks;
			sourceTree = "<group>";
		};
		5CFE600C1DC75B9C003640A4 = {
			isa = PBXGroup;
			children = (
				71DC230E1DD2011A00BEB193 /* FS */,
				5CFE60171DC75B9C003640A4 /* myhome */,
				5CFE60161DC75B9C003640A4 /* Products */,
				5CFE619E1DC75C11003640A4 /* Frameworks */,
				9A3BC884F3559120750F22E9 /* Pods */,
			);
			sourceTree = "<group>";
		};
		5CFE60161DC75B9C003640A4 /* Products */ = {
			isa = PBXGroup;
			children = (
				5CFE60151DC75B9C003640A4 /* myhome.app */,
			);
			name = Products;
			sourceTree = "<group>";
		};
		5CFE60171DC75B9C003640A4 /* myhome */ = {
			isa = PBXGroup;
			children = (
				71DC25E21DD3616C00BEB193 /* H5 */,
				5CB39FE61DC9FCEB00564280 /* Thanks */,
				5CFE61A11DC75C67003640A4 /* Components */,
				5CFE61A21DC75C67003640A4 /* PublicBase */,
				5CFE601B1DC75B9C003640A4 /* AppDelegate.h */,
				5CFE601C1DC75B9C003640A4 /* AppDelegate.m */,
				71474B681DCABB1C0063DA08 /* ARTabBarController.h */,
				71474B691DCABB1C0063DA08 /* ARTabBarController.m */,
				5CFE60211DC75B9C003640A4 /* Main.storyboard */,
				5CFE60241DC75B9C003640A4 /* Assets.xcassets */,
				5CFE60261DC75B9C003640A4 /* LaunchScreen.storyboard */,
				5CFE60291DC75B9C003640A4 /* Info.plist */,
				5CFE60181DC75B9C003640A4 /* Supporting Files */,
			);
			path = myhome;
			sourceTree = "<group>";
		};
		5CFE60181DC75B9C003640A4 /* Supporting Files */ = {
			isa = PBXGroup;
			children = (
				5CFE60191DC75B9C003640A4 /* main.m */,
			);
			name = "Supporting Files";
			sourceTree = "<group>";
		};
		5CFE619E1DC75C11003640A4 /* Frameworks */ = {
			isa = PBXGroup;
			children = (
				71DC25E71DD3F98500BEB193 /* QuartzCore.framework */,
				5C9337C31DCB40060091D3D8 /* libz.tbd */,
				5C9337C11DCB3FFF0091D3D8 /* libstdc++.tbd */,
				5C9337BF1DCB3FF20091D3D8 /* CoreTelephony.framework */,
				5C9337BB1DCB3FB50091D3D8 /* CoreGraphics.framework */,
				5C9337B91DCB3FAE0091D3D8 /* SystemConfiguration.framework */,
				5C9337B71DCB3FA80091D3D8 /* libiconv.tbd */,
				5C9337B21DCB3F800091D3D8 /* Security.framework */,
				5CB3A0341DCA04F400564280 /* CoreMedia.framework */,
				5CB3A0321DCA04D400564280 /* CoreVideo.framework */,
				5CB3A0301DCA04C800564280 /* libsqlite3.tbd */,
				5CB3A02E1DCA049500564280 /* AVFoundation.framework */,
				5CB3A02C1DCA044600564280 /* libc++.tbd */,
				5CFE619F1DC75C11003640A4 /* libsqlite3.0.tbd */,
				AED98BB851B3E5659CC617B6 /* libPods-myhome.a */,
			);
			name = Frameworks;
			sourceTree = "<group>";
		};
		5CFE61A11DC75C67003640A4 /* Components */ = {
			isa = PBXGroup;
			children = (
				5CA360D01DC8AD4700523FF5 /* Home */,
				5CA360D11DC8AD4700523FF5 /* Offer */,
				5CA360D21DC8AD4700523FF5 /* Person */,
				5CA360D31DC8AD4700523FF5 /* Tool */,
			);
			path = Components;
			sourceTree = "<group>";
		};
		5CFE61A21DC75C67003640A4 /* PublicBase */ = {
			isa = PBXGroup;
			children = (
			);
			path = PublicBase;
			sourceTree = "<group>";
		};
		714F6EAE1DF3BC2B00E96EED /* Controllers */ = {
			isa = PBXGroup;
			children = (
				714F6EAF1DF3BC2B00E96EED /* ARHomeController.h */,
				714F6EB01DF3BC2B00E96EED /* ARHomeController.m */,
				714F6EB11DF3BC2B00E96EED /* HACityController.h */,
				714F6EB21DF3BC2B00E96EED /* HACityController.m */,
				714F6EB31DF3BC2B00E96EED /* HAToolController.h */,
				714F6EB41DF3BC2B00E96EED /* HAToolController.m */,
			);
			path = Controllers;
			sourceTree = "<group>";
		};
		714F6EB51DF3BC2B00E96EED /* Views */ = {
			isa = PBXGroup;
			children = (
				714F6EB61DF3BC2B00E96EED /* FSFlowView.h */,
				714F6EB71DF3BC2B00E96EED /* FSFlowView.m */,
			);
			path = Views;
			sourceTree = "<group>";
		};
		714F6EBC1DF3C85000E96EED /* Views */ = {
			isa = PBXGroup;
			children = (
				714F6EBD1DF3C87D00E96EED /* FSShopClassView.h */,
				714F6EBE1DF3C87D00E96EED /* FSShopClassView.m */,
				714F6EC01DF3D3F100E96EED /* HAShopCollectionCell.h */,
				714F6EC11DF3D3F100E96EED /* HAShopCollectionCell.m */,
			);
			path = Views;
			sourceTree = "<group>";
		};
		71A66E7C1DEF1E3F002C28B9 /* Other */ = {
			isa = PBXGroup;
			children = (
			);
			path = Other;
			sourceTree = "<group>";
		};
		71DC230E1DD2011A00BEB193 /* FS */ = {
			isa = PBXGroup;
			children = (
				71DC230F1DD2011A00BEB193 /* 3rd */,
				71DC23531DD2011A00BEB193 /* FSMacro.h */,
				71DC23541DD2011A00BEB193 /* FuSoft.h */,
				71DC23551DD2011A00BEB193 /* Module */,
				71DC23A71DD2011B00BEB193 /* Note.txt */,
				71DC23A81DD2011B00BEB193 /* README.md */,
				71DC24011DD2011B00BEB193 /* Tool */,
			);
			name = FS;
			path = ../FS;
			sourceTree = "<group>";
		};
		71DC230F1DD2011A00BEB193 /* 3rd */ = {
			isa = PBXGroup;
			children = (
				71DC23101DD2011A00BEB193 /* Account */,
				71DC23291DD2011A00BEB193 /* BaseModel */,
				71DC232C1DD2011A00BEB193 /* ChineseCalendar */,
				71DC23411DD2011A00BEB193 /* ClipPicture */,
				71DC23441DD2011A00BEB193 /* FSCHook */,
				71DC234A1DD2011A00BEB193 /* GTMBase64 */,
				71DC234E1DD2011A00BEB193 /* UIViewExt */,
			);
			path = 3rd;
			sourceTree = "<group>";
		};
		71DC23101DD2011A00BEB193 /* Account */ = {
			isa = PBXGroup;
			children = (
				71DC23111DD2011A00BEB193 /* FSDB */,
				71DC23141DD2011A00BEB193 /* SQLManager */,
			);
			path = Account;
			sourceTree = "<group>";
		};
		71DC23111DD2011A00BEB193 /* FSDB */ = {
			isa = PBXGroup;
			children = (
				71DC23121DD2011A00BEB193 /* FSDBManager.h */,
				71DC23131DD2011A00BEB193 /* FSDBManager.m */,
			);
			path = FSDB;
			sourceTree = "<group>";
		};
		71DC23141DD2011A00BEB193 /* SQLManager */ = {
			isa = PBXGroup;
			children = (
				71DC23151DD2011A00BEB193 /* FSAccountDoorController.h */,
				71DC23161DD2011A00BEB193 /* FSAccountDoorController.m */,
				71DC23171DD2011A00BEB193 /* FSFinancesManagerController.h */,
				71DC23181DD2011A00BEB193 /* FSFinancesManagerController.m */,
				71DC23191DD2011A00BEB193 /* FSFMAccountController.h */,
				71DC231A1DD2011A00BEB193 /* FSFMAccountController.m */,
				71DC231B1DD2011A00BEB193 /* FSFMExpectController.h */,
				71DC231C1DD2011A00BEB193 /* FSFMExpectController.m */,
				71DC231D1DD2011A00BEB193 /* FSFMListCell.h */,
				71DC231E1DD2011A00BEB193 /* FSFMListCell.m */,
				71DC231F1DD2011A00BEB193 /* FSFMListController.h */,
				71DC23201DD2011A00BEB193 /* FSFMListController.m */,
				71DC23211DD2011A00BEB193 /* FSFMSelectCell.h */,
				71DC23221DD2011A00BEB193 /* FSFMSelectCell.m */,
				71DC23231DD2011A00BEB193 /* FSFMSelectController.h */,
				71DC23241DD2011A00BEB193 /* FSFMSelectController.m */,
				71DC23251DD2011A00BEB193 /* FSTwoMinusController.h */,
				71DC23261DD2011A00BEB193 /* FSTwoMinusController.m */,
				71DC23271DD2011A00BEB193 /* SQLEntity.h */,
				71DC23281DD2011A00BEB193 /* SQLEntity.m */,
			);
			path = SQLManager;
			sourceTree = "<group>";
		};
		71DC23291DD2011A00BEB193 /* BaseModel */ = {
			isa = PBXGroup;
			children = (
				71DC232A1DD2011A00BEB193 /* FIBaseEntity.h */,
				71DC232B1DD2011A00BEB193 /* FIBaseEntity.m */,
			);
			path = BaseModel;
			sourceTree = "<group>";
		};
		71DC232C1DD2011A00BEB193 /* ChineseCalendar */ = {
			isa = PBXGroup;
			children = (
				71DC232D1DD2011A00BEB193 /* ChineseCalendarView.h */,
				71DC232E1DD2011A00BEB193 /* ChineseCalendarView.m */,
				71DC232F1DD2011A00BEB193 /* ExhaustiveCalendar.h */,
				71DC23301DD2011A00BEB193 /* ExhaustiveCalendar.m */,
				71DC23311DD2011A00BEB193 /* FSCCDayView.h */,
				71DC23321DD2011A00BEB193 /* FSCCDayView.m */,
				71DC23331DD2011A00BEB193 /* FSCCHeadView.h */,
				71DC23341DD2011A00BEB193 /* FSCCHeadView.m */,
				71DC23351DD2011A00BEB193 /* FSCCMainView.h */,
				71DC23361DD2011A00BEB193 /* FSCCMainView.m */,
				71DC23371DD2011A00BEB193 /* FSChineseCalendarController.h */,
				71DC23381DD2011A00BEB193 /* FSChineseCalendarController.m */,
				71DC23391DD2011A00BEB193 /* lunar */,
				71DC233C1DD2011A00BEB193 /* LunarCalendar */,
			);
			path = ChineseCalendar;
			sourceTree = "<group>";
		};
		71DC23391DD2011A00BEB193 /* lunar */ = {
			isa = PBXGroup;
			children = (
				71DC233A1DD2011A00BEB193 /* Datetime.h */,
				71DC233B1DD2011A00BEB193 /* Datetime.m */,
			);
			path = lunar;
			sourceTree = "<group>";
		};
		71DC233C1DD2011A00BEB193 /* LunarCalendar */ = {
			isa = PBXGroup;
			children = (
				71DC233D1DD2011A00BEB193 /* CYDatetime.h */,
				71DC233E1DD2011A00BEB193 /* CYDatetime.m */,
				71DC233F1DD2011A00BEB193 /* FSLunarCalendar.h */,
				71DC23401DD2011A00BEB193 /* FSLunarCalendar.m */,
			);
			path = LunarCalendar;
			sourceTree = "<group>";
		};
		71DC23411DD2011A00BEB193 /* ClipPicture */ = {
			isa = PBXGroup;
			children = (
				71DC23421DD2011A00BEB193 /* ClipPictureController.h */,
				71DC23431DD2011A00BEB193 /* ClipPictureController.m */,
			);
			path = ClipPicture;
			sourceTree = "<group>";
		};
		71DC23441DD2011A00BEB193 /* FSCHook */ = {
			isa = PBXGroup;
			children = (
				71DC23451DD2011A00BEB193 /* fishhook.c */,
				71DC23461DD2011A00BEB193 /* fishhook.h */,
				71DC23471DD2011A00BEB193 /* FlowCollector.h */,
				71DC23481DD2011A00BEB193 /* FlowCollector.m */,
				71DC23491DD2011A00BEB193 /* FlowMeterKeys.h */,
			);
			path = FSCHook;
			sourceTree = "<group>";
		};
		71DC234A1DD2011A00BEB193 /* GTMBase64 */ = {
			isa = PBXGroup;
			children = (
				71DC234B1DD2011A00BEB193 /* GTMBase64.h */,
				71DC234C1DD2011A00BEB193 /* GTMBase64.m */,
				71DC234D1DD2011A00BEB193 /* GTMDefines.h */,
			);
			path = GTMBase64;
			sourceTree = "<group>";
		};
		71DC234E1DD2011A00BEB193 /* UIViewExt */ = {
			isa = PBXGroup;
			children = (
				71DC234F1DD2011A00BEB193 /* UIView+Addition.h */,
				71DC23501DD2011A00BEB193 /* UIView+Addition.m */,
				71DC23511DD2011A00BEB193 /* UIViewExt.h */,
				71DC23521DD2011A00BEB193 /* UIViewExt.m */,
			);
			path = UIViewExt;
			sourceTree = "<group>";
		};
		71DC23551DD2011A00BEB193 /* Module */ = {
			isa = PBXGroup;
			children = (
				71DC23561DD2011A00BEB193 /* FSBase */,
				71DC23651DD2011A00BEB193 /* FSCacheManager */,
				71DC23681DD2011A00BEB193 /* FSCustomUI */,
				71DC237D1DD2011B00BEB193 /* FSDatePicker */,
				71DC23801DD2011B00BEB193 /* FSSelect */,
				71DC23851DD2011B00BEB193 /* FSViewManager */,
				71DC23881DD2011B00BEB193 /* FSWeb */,
				71DC23911DD2011B00BEB193 /* QR */,
				71DC239E1DD2011B00BEB193 /* Tax */,
			);
			path = Module;
			sourceTree = "<group>";
		};
		71DC23561DD2011A00BEB193 /* FSBase */ = {
			isa = PBXGroup;
			children = (
				71DC23571DD2011A00BEB193 /* FSBaseController.h */,
				71DC23581DD2011A00BEB193 /* FSBaseController.m */,
				71DC23591DD2011A00BEB193 /* FSBaseView.h */,
				71DC235A1DD2011A00BEB193 /* FSBaseView.m */,
				71DC235B1DD2011A00BEB193 /* FSCharTBController.h */,
				71DC235C1DD2011A00BEB193 /* FSCharTBController.m */,
				71DC235D1DD2011A00BEB193 /* FSHardwareInfoController.h */,
				71DC235E1DD2011A00BEB193 /* FSHardwareInfoController.m */,
				71DC235F1DD2011A00BEB193 /* FSLeftItem.h */,
				71DC23601DD2011A00BEB193 /* FSLeftItem.m */,
				71DC23611DD2011A00BEB193 /* FSNavigationController.h */,
				71DC23621DD2011A00BEB193 /* FSNavigationController.m */,
				71DC23631DD2011A00BEB193 /* UIView+ViewController.h */,
				71DC23641DD2011A00BEB193 /* UIView+ViewController.m */,
			);
			path = FSBase;
			sourceTree = "<group>";
		};
		71DC23651DD2011A00BEB193 /* FSCacheManager */ = {
			isa = PBXGroup;
			children = (
				71DC23661DD2011A00BEB193 /* FSCacheManager.h */,
				71DC23671DD2011A00BEB193 /* FSCacheManager.m */,
			);
			path = FSCacheManager;
			sourceTree = "<group>";
		};
		71DC23681DD2011A00BEB193 /* FSCustomUI */ = {
			isa = PBXGroup;
			children = (
				71DC23691DD2011A00BEB193 /* FIMoveButton.h */,
				71DC236A1DD2011A00BEB193 /* FIMoveButton.m */,
				71DC236B1DD2011A00BEB193 /* FSBlockButton.h */,
				71DC236C1DD2011A00BEB193 /* FSBlockButton.m */,
				71DC236D1DD2011A00BEB193 /* FSImageLabelView.h */,
				71DC236E1DD2011A00BEB193 /* FSImageLabelView.m */,
				71DC236F1DD2011A00BEB193 /* FSMoveLabel.h */,
				71DC23701DD2011A00BEB193 /* FSMoveLabel.m */,
				71DC23711DD2011A00BEB193 /* FSSegmentControl.h */,
				71DC23721DD2011A00BEB193 /* FSSegmentControl.m */,
				71DC23731DD2011A00BEB193 /* FSTapCell.h */,
				71DC23741DD2011A00BEB193 /* FSTapCell.m */,
				71DC23751DD2011B00BEB193 /* FSTapLabel.h */,
				71DC23761DD2011B00BEB193 /* FSTapLabel.m */,
				71DC23771DD2011B00BEB193 /* FSTapScrollView.h */,
				71DC23781DD2011B00BEB193 /* FSTapScrollView.m */,
				71DC23791DD2011B00BEB193 /* FSWBView.h */,
				71DC237A1DD2011B00BEB193 /* FSWBView.m */,
				71DC237B1DD2011B00BEB193 /* FSWebImageView.h */,
				71DC237C1DD2011B00BEB193 /* FSWebImageView.m */,
			);
			path = FSCustomUI;
			sourceTree = "<group>";
		};
		71DC237D1DD2011B00BEB193 /* FSDatePicker */ = {
			isa = PBXGroup;
			children = (
				71DC237E1DD2011B00BEB193 /* FSDatePickerView.h */,
				71DC237F1DD2011B00BEB193 /* FSDatePickerView.m */,
			);
			path = FSDatePicker;
			sourceTree = "<group>";
		};
		71DC23801DD2011B00BEB193 /* FSSelect */ = {
			isa = PBXGroup;
			children = (
				71DC23811DD2011B00BEB193 /* FSSelectController.h */,
				71DC23821DD2011B00BEB193 /* FSSelectController.m */,
				71DC23831DD2011B00BEB193 /* FSSelectSectionController.h */,
				71DC23841DD2011B00BEB193 /* FSSelectSectionController.m */,
			);
			path = FSSelect;
			sourceTree = "<group>";
		};
		71DC23851DD2011B00BEB193 /* FSViewManager */ = {
			isa = PBXGroup;
			children = (
				71DC23861DD2011B00BEB193 /* FSViewManager.h */,
				71DC23871DD2011B00BEB193 /* FSViewManager.m */,
			);
			path = FSViewManager;
			sourceTree = "<group>";
		};
		71DC23881DD2011B00BEB193 /* FSWeb */ = {
			isa = PBXGroup;
			children = (
				71DC23891DD2011B00BEB193 /* FIWebView.h */,
				71DC238A1DD2011B00BEB193 /* FIWebView.m */,
				71DC238B1DD2011B00BEB193 /* FSHTMLController.h */,
				71DC238C1DD2011B00BEB193 /* FSHTMLController.m */,
				71DC238D1DD2011B00BEB193 /* FSWebController.h */,
				71DC238E1DD2011B00BEB193 /* FSWebController.m */,
				71DC238F1DD2011B00BEB193 /* FSWebViewController.h */,
				71DC23901DD2011B00BEB193 /* FSWebViewController.m */,
			);
			path = FSWeb;
			sourceTree = "<group>";
		};
		71DC23911DD2011B00BEB193 /* QR */ = {
			isa = PBXGroup;
			children = (
				71DC23921DD2011B00BEB193 /* FSMakeQRController.h */,
				71DC23931DD2011B00BEB193 /* FSMakeQRController.m */,
				71DC23941DD2011B00BEB193 /* fsqr1.png */,
				71DC23951DD2011B00BEB193 /* fsqr2.png */,
				71DC23961DD2011B00BEB193 /* fsqr3.png */,
				71DC23971DD2011B00BEB193 /* fsqr4.png */,
				71DC23981DD2011B00BEB193 /* FSQRController.h */,
				71DC23991DD2011B00BEB193 /* FSQRController.m */,
				71DC239A1DD2011B00BEB193 /* fsqrlightoff.png */,
				71DC239B1DD2011B00BEB193 /* fsqrlighton.png */,
				71DC239C1DD2011B00BEB193 /* fsqrline.png */,
				71DC239D1DD2011B00BEB193 /* fsqrmsg.wav */,
			);
			path = QR;
			sourceTree = "<group>";
		};
		71DC239E1DD2011B00BEB193 /* Tax */ = {
			isa = PBXGroup;
			children = (
				71DC239F1DD2011B00BEB193 /* FSAddTaxModelController.h */,
				71DC23A01DD2011B00BEB193 /* FSAddTaxModelController.m */,
				71DC23A11DD2011B00BEB193 /* FSTaxDetailView.h */,
				71DC23A21DD2011B00BEB193 /* FSTaxDetailView.m */,
				71DC23A31DD2011B00BEB193 /* FSTaxOfIncomeController.h */,
				71DC23A41DD2011B00BEB193 /* FSTaxOfIncomeController.m */,
				71DC23A51DD2011B00BEB193 /* FSTaxRateEntity.h */,
				71DC23A61DD2011B00BEB193 /* FSTaxRateEntity.m */,
			);
			path = Tax;
			sourceTree = "<group>";
		};
		71DC24011DD2011B00BEB193 /* Tool */ = {
			isa = PBXGroup;
			children = (
				71DC24021DD2011B00BEB193 /* FSWebUrl.h */,
				71DC24031DD2011B00BEB193 /* FuData.h */,
				71DC24041DD2011B00BEB193 /* FuData.m */,
				71DC24051DD2011B00BEB193 /* FuSing.h */,
				71DC24061DD2011B00BEB193 /* FuSing.m */,
				71DC24071DD2011B00BEB193 /* FuWeb.h */,
				71DC24081DD2011B00BEB193 /* FuWeb.m */,
			);
			path = Tool;
			sourceTree = "<group>";
		};
		71DC25E21DD3616C00BEB193 /* H5 */ = {
			isa = PBXGroup;
			children = (
				71DC25E51DD3624D00BEB193 /* ARAbout.html */,
				71DC25E31DD3616C00BEB193 /* FSH5.html */,
			);
			path = H5;
			sourceTree = "<group>";
		};
		9A3BC884F3559120750F22E9 /* Pods */ = {
			isa = PBXGroup;
			children = (
				80481221648A5E66ECC9DA35 /* Pods-myhome.debug.xcconfig */,
				6584AD39FD918E283A90C913 /* Pods-myhome.release.xcconfig */,
			);
			name = Pods;
			sourceTree = "<group>";
		};
/* End PBXGroup section */

/* Begin PBXNativeTarget section */
		5CFE60141DC75B9C003640A4 /* myhome */ = {
			isa = PBXNativeTarget;
			buildConfigurationList = 5CFE602C1DC75B9C003640A4 /* Build configuration list for PBXNativeTarget "myhome" */;
			buildPhases = (
				F67FB165EBA2A82570862D8C /* [CP] Check Pods Manifest.lock */,
				5CFE60111DC75B9C003640A4 /* Sources */,
				5CFE60121DC75B9C003640A4 /* Frameworks */,
				5CFE60131DC75B9C003640A4 /* Resources */,
				5963671EFD417012D320C856 /* [CP] Embed Pods Frameworks */,
				DE5E1E1F68F05E5E1215E797 /* [CP] Copy Pods Resources */,
			);
			buildRules = (
			);
			dependencies = (
			);
			name = myhome;
			productName = myhome;
			productReference = 5CFE60151DC75B9C003640A4 /* myhome.app */;
			productType = "com.apple.product-type.application";
		};
/* End PBXNativeTarget section */

/* Begin PBXProject section */
		5CFE600D1DC75B9C003640A4 /* Project object */ = {
			isa = PBXProject;
			attributes = {
				LastUpgradeCheck = 0800;
				ORGANIZATIONNAME = fuhope;
				TargetAttributes = {
					5CFE60141DC75B9C003640A4 = {
						CreatedOnToolsVersion = 8.0;
						DevelopmentTeam = BL86JR5S2K;
						ProvisioningStyle = Automatic;
					};
				};
			};
			buildConfigurationList = 5CFE60101DC75B9C003640A4 /* Build configuration list for PBXProject "myhome" */;
			compatibilityVersion = "Xcode 3.2";
			developmentRegion = English;
			hasScannedForEncodings = 0;
			knownRegions = (
				en,
				Base,
			);
			mainGroup = 5CFE600C1DC75B9C003640A4;
			productRefGroup = 5CFE60161DC75B9C003640A4 /* Products */;
			projectDirPath = "";
			projectRoot = "";
			targets = (
				5CFE60141DC75B9C003640A4 /* myhome */,
			);
		};
/* End PBXProject section */

/* Begin PBXResourcesBuildPhase section */
		5CFE60131DC75B9C003640A4 /* Resources */ = {
			isa = PBXResourcesBuildPhase;
			buildActionMask = 2147483647;
			files = (
				71DC25E41DD3616C00BEB193 /* FSH5.html in Resources */,
				5CFE60281DC75B9C003640A4 /* LaunchScreen.storyboard in Resources */,
				5C9337FE1DCB447B0091D3D8 /* TencentOpenApi_IOS_Bundle.bundle in Resources */,
				71DC24401DD2011B00BEB193 /* fsqr2.png in Resources */,
				71DC24461DD2011B00BEB193 /* fsqrline.png in Resources */,
				5C9338001DCB447B0091D3D8 /* README.txt in Resources */,
				71DC244C1DD2011B00BEB193 /* Note.txt in Resources */,
				5CFE60251DC75B9C003640A4 /* Assets.xcassets in Resources */,
				71DC24471DD2011B00BEB193 /* fsqrmsg.wav in Resources */,
				71DC25E61DD3624D00BEB193 /* ARAbout.html in Resources */,
				71DC24411DD2011B00BEB193 /* fsqr3.png in Resources */,
				71DC24421DD2011B00BEB193 /* fsqr4.png in Resources */,
				71DC24451DD2011B00BEB193 /* fsqrlighton.png in Resources */,
				71DC243F1DD2011B00BEB193 /* fsqr1.png in Resources */,
				5CFE60231DC75B9C003640A4 /* Main.storyboard in Resources */,
				5C9337FC1DCB447B0091D3D8 /* WeiboSDK.bundle in Resources */,
				71DC24441DD2011B00BEB193 /* fsqrlightoff.png in Resources */,
			);
			runOnlyForDeploymentPostprocessing = 0;
		};
/* End PBXResourcesBuildPhase section */

/* Begin PBXShellScriptBuildPhase section */
		5963671EFD417012D320C856 /* [CP] Embed Pods Frameworks */ = {
			isa = PBXShellScriptBuildPhase;
			buildActionMask = 2147483647;
			files = (
			);
			inputPaths = (
			);
			name = "[CP] Embed Pods Frameworks";
			outputPaths = (
			);
			runOnlyForDeploymentPostprocessing = 0;
			shellPath = /bin/sh;
			shellScript = "\"${SRCROOT}/Pods/Target Support Files/Pods-myhome/Pods-myhome-frameworks.sh\"\n";
			showEnvVarsInLog = 0;
		};
		DE5E1E1F68F05E5E1215E797 /* [CP] Copy Pods Resources */ = {
			isa = PBXShellScriptBuildPhase;
			buildActionMask = 2147483647;
			files = (
			);
			inputPaths = (
			);
			name = "[CP] Copy Pods Resources";
			outputPaths = (
			);
			runOnlyForDeploymentPostprocessing = 0;
			shellPath = /bin/sh;
			shellScript = "\"${SRCROOT}/Pods/Target Support Files/Pods-myhome/Pods-myhome-resources.sh\"\n";
			showEnvVarsInLog = 0;
		};
		F67FB165EBA2A82570862D8C /* [CP] Check Pods Manifest.lock */ = {
			isa = PBXShellScriptBuildPhase;
			buildActionMask = 2147483647;
			files = (
			);
			inputPaths = (
			);
			name = "[CP] Check Pods Manifest.lock";
			outputPaths = (
			);
			runOnlyForDeploymentPostprocessing = 0;
			shellPath = /bin/sh;
			shellScript = "diff \"${PODS_ROOT}/../Podfile.lock\" \"${PODS_ROOT}/Manifest.lock\" > /dev/null\nif [[ $? != 0 ]] ; then\n    cat << EOM\nerror: The sandbox is not in sync with the Podfile.lock. Run 'pod install' or update your CocoaPods installation.\nEOM\n    exit 1\nfi\n";
			showEnvVarsInLog = 0;
		};
/* End PBXShellScriptBuildPhase section */

/* Begin PBXSourcesBuildPhase section */
		5CFE60111DC75B9C003640A4 /* Sources */ = {
			isa = PBXSourcesBuildPhase;
			buildActionMask = 2147483647;
			files = (
				71DC24391DD2011B00BEB193 /* FSViewManager.m in Sources */,
				71DC24121DD2011B00BEB193 /* FSTwoMinusController.m in Sources */,
				71DC241F1DD2011B00BEB193 /* fishhook.c in Sources */,
				71DC24271DD2011B00BEB193 /* FSHardwareInfoController.m in Sources */,
				71DC240D1DD2011B00BEB193 /* FSFMExpectController.m in Sources */,
				71DC24151DD2011B00BEB193 /* ChineseCalendarView.m in Sources */,
				71DC244D1DD2011B00BEB193 /* README.md in Sources */,
				71DC24091DD2011B00BEB193 /* FSDBManager.m in Sources */,
				714F6EBA1DF3BC2B00E96EED /* HAToolController.m in Sources */,
				71DC243C1DD2011B00BEB193 /* FSWebController.m in Sources */,
				714F6EB81DF3BC2B00E96EED /* ARHomeController.m in Sources */,
				71DC244A1DD2011B00BEB193 /* FSTaxOfIncomeController.m in Sources */,
				71DC24241DD2011B00BEB193 /* FSBaseController.m in Sources */,
				5C7C38DE1DD1D14600D68C3B /* ARAboutController.m in Sources */,
				71DC24351DD2011B00BEB193 /* FSWebImageView.m in Sources */,
				71DC244B1DD2011B00BEB193 /* FSTaxRateEntity.m in Sources */,
				714F6EBF1DF3C87D00E96EED /* FSShopClassView.m in Sources */,
				71DC24191DD2011B00BEB193 /* FSCCMainView.m in Sources */,
				71DC241A1DD2011B00BEB193 /* FSChineseCalendarController.m in Sources */,
				71DC24751DD2011B00BEB193 /* FuData.m in Sources */,
				71DC24161DD2011B00BEB193 /* ExhaustiveCalendar.m in Sources */,
				71DC242C1DD2011B00BEB193 /* FIMoveButton.m in Sources */,
				71DC24101DD2011B00BEB193 /* FSFMSelectCell.m in Sources */,
				71DC240A1DD2011B00BEB193 /* FSAccountDoorController.m in Sources */,
				71DC242F1DD2011B00BEB193 /* FSMoveLabel.m in Sources */,
				5CA360DC1DC8ADCE00523FF5 /* ARPersonController.m in Sources */,
				5C9337F81DCB447B0091D3D8 /* FSShareManager.m in Sources */,
				71DC24491DD2011B00BEB193 /* FSTaxDetailView.m in Sources */,
				71DC242D1DD2011B00BEB193 /* FSBlockButton.m in Sources */,
				714F6EC21DF3D3F100E96EED /* HAShopCollectionCell.m in Sources */,
				71DC241D1DD2011B00BEB193 /* FSLunarCalendar.m in Sources */,
				71DC24331DD2011B00BEB193 /* FSTapScrollView.m in Sources */,
				71DC24211DD2011B00BEB193 /* GTMBase64.m in Sources */,
				71DC24431DD2011B00BEB193 /* FSQRController.m in Sources */,
				5CA360D91DC8ADC300523FF5 /* AROfferController.m in Sources */,
				71DC241E1DD2011B00BEB193 /* ClipPictureController.m in Sources */,
				71DC24301DD2011B00BEB193 /* FSSegmentControl.m in Sources */,
				71DC242A1DD2011B00BEB193 /* UIView+ViewController.m in Sources */,
				5C9337F91DCB447B0091D3D8 /* FSShareView.m in Sources */,
				5CDBCDAF1DD057EA001CFC39 /* FSShareEntity.m in Sources */,
				71DC240E1DD2011B00BEB193 /* FSFMListCell.m in Sources */,
				71DC24221DD2011B00BEB193 /* UIView+Addition.m in Sources */,
				71DC241C1DD2011B00BEB193 /* CYDatetime.m in Sources */,
				71DC24761DD2011B00BEB193 /* FuSing.m in Sources */,
				71DC243D1DD2011B00BEB193 /* FSWebViewController.m in Sources */,
				71DC24231DD2011B00BEB193 /* UIViewExt.m in Sources */,
				71A66E7B1DEF1250002C28B9 /* HAShopController.m in Sources */,
				71DC24481DD2011B00BEB193 /* FSAddTaxModelController.m in Sources */,
				71DC24381DD2011B00BEB193 /* FSSelectSectionController.m in Sources */,
				71DC24111DD2011B00BEB193 /* FSFMSelectController.m in Sources */,
				71DC24361DD2011B00BEB193 /* FSDatePickerView.m in Sources */,
				5CFE601D1DC75B9C003640A4 /* AppDelegate.m in Sources */,
				71DC240F1DD2011B00BEB193 /* FSFMListController.m in Sources */,
				71DC24771DD2011B00BEB193 /* FuWeb.m in Sources */,
				71DC24141DD2011B00BEB193 /* FIBaseEntity.m in Sources */,
				71DC242B1DD2011B00BEB193 /* FSCacheManager.m in Sources */,
				71DC24311DD2011B00BEB193 /* FSTapCell.m in Sources */,
				71DC242E1DD2011B00BEB193 /* FSImageLabelView.m in Sources */,
				71DC241B1DD2011B00BEB193 /* Datetime.m in Sources */,
				71DC24261DD2011B00BEB193 /* FSCharTBController.m in Sources */,
				71DC24171DD2011B00BEB193 /* FSCCDayView.m in Sources */,
				71DC24341DD2011B00BEB193 /* FSWBView.m in Sources */,
				71474B6A1DCABB1C0063DA08 /* ARTabBarController.m in Sources */,
				71DC24181DD2011B00BEB193 /* FSCCHeadView.m in Sources */,
				71DC240B1DD2011B00BEB193 /* FSFinancesManagerController.m in Sources */,
				71DC243A1DD2011B00BEB193 /* FIWebView.m in Sources */,
				5CA360DF1DC8ADD800523FF5 /* ARToolController.m in Sources */,
				71DC24131DD2011B00BEB193 /* SQLEntity.m in Sources */,
				5CFE601A1DC75B9C003640A4 /* main.m in Sources */,
				71DC24201DD2011B00BEB193 /* FlowCollector.m in Sources */,
				5C9337FA1DCB447B0091D3D8 /* FSTouchView.m in Sources */,
				71DC24291DD2011B00BEB193 /* FSNavigationController.m in Sources */,
				71DC240C1DD2011B00BEB193 /* FSFMAccountController.m in Sources */,
				71DC24321DD2011B00BEB193 /* FSTapLabel.m in Sources */,
				714F6EB91DF3BC2B00E96EED /* HACityController.m in Sources */,
				714F6EBB1DF3BC2B00E96EED /* FSFlowView.m in Sources */,
				71DC243E1DD2011B00BEB193 /* FSMakeQRController.m in Sources */,
				71DC24281DD2011B00BEB193 /* FSLeftItem.m in Sources */,
				71DC24371DD2011B00BEB193 /* FSSelectController.m in Sources */,
				71DC24251DD2011B00BEB193 /* FSBaseView.m in Sources */,
				71DC243B1DD2011B00BEB193 /* FSHTMLController.m in Sources */,
			);
			runOnlyForDeploymentPostprocessing = 0;
		};
/* End PBXSourcesBuildPhase section */

/* Begin PBXVariantGroup section */
		5CFE60211DC75B9C003640A4 /* Main.storyboard */ = {
			isa = PBXVariantGroup;
			children = (
				5CFE60221DC75B9C003640A4 /* Base */,
			);
			name = Main.storyboard;
			sourceTree = "<group>";
		};
		5CFE60261DC75B9C003640A4 /* LaunchScreen.storyboard */ = {
			isa = PBXVariantGroup;
			children = (
				5CFE60271DC75B9C003640A4 /* Base */,
			);
			name = LaunchScreen.storyboard;
			sourceTree = "<group>";
		};
/* End PBXVariantGroup section */

/* Begin XCBuildConfiguration section */
		5CFE602A1DC75B9C003640A4 /* Debug */ = {
			isa = XCBuildConfiguration;
			buildSettings = {
				ALWAYS_SEARCH_USER_PATHS = NO;
				CLANG_ANALYZER_NONNULL = YES;
				CLANG_CXX_LANGUAGE_STANDARD = "gnu++0x";
				CLANG_CXX_LIBRARY = "libc++";
				CLANG_ENABLE_MODULES = YES;
				CLANG_ENABLE_OBJC_ARC = YES;
				CLANG_WARN_BOOL_CONVERSION = YES;
				CLANG_WARN_CONSTANT_CONVERSION = YES;
				CLANG_WARN_DIRECT_OBJC_ISA_USAGE = YES_ERROR;
				CLANG_WARN_DOCUMENTATION_COMMENTS = YES;
				CLANG_WARN_EMPTY_BODY = YES;
				CLANG_WARN_ENUM_CONVERSION = YES;
				CLANG_WARN_INFINITE_RECURSION = YES;
				CLANG_WARN_INT_CONVERSION = YES;
				CLANG_WARN_OBJC_ROOT_CLASS = YES_ERROR;
				CLANG_WARN_SUSPICIOUS_MOVES = YES;
				CLANG_WARN_UNREACHABLE_CODE = YES;
				CLANG_WARN__DUPLICATE_METHOD_MATCH = YES;
				"CODE_SIGN_IDENTITY[sdk=iphoneos*]" = "iPhone Developer";
				COPY_PHASE_STRIP = NO;
				DEBUG_INFORMATION_FORMAT = dwarf;
				ENABLE_STRICT_OBJC_MSGSEND = YES;
				ENABLE_TESTABILITY = YES;
				GCC_C_LANGUAGE_STANDARD = gnu99;
				GCC_DYNAMIC_NO_PIC = NO;
				GCC_NO_COMMON_BLOCKS = YES;
				GCC_OPTIMIZATION_LEVEL = 0;
				GCC_PREPROCESSOR_DEFINITIONS = (
					"DEBUG=1",
					"$(inherited)",
				);
				GCC_WARN_64_TO_32_BIT_CONVERSION = YES;
				GCC_WARN_ABOUT_RETURN_TYPE = YES_ERROR;
				GCC_WARN_UNDECLARED_SELECTOR = YES;
				GCC_WARN_UNINITIALIZED_AUTOS = YES_AGGRESSIVE;
				GCC_WARN_UNUSED_FUNCTION = YES;
				GCC_WARN_UNUSED_VARIABLE = YES;
				IPHONEOS_DEPLOYMENT_TARGET = 10.0;
				MTL_ENABLE_DEBUG_INFO = YES;
				ONLY_ACTIVE_ARCH = YES;
				SDKROOT = iphoneos;
			};
			name = Debug;
		};
		5CFE602B1DC75B9C003640A4 /* Release */ = {
			isa = XCBuildConfiguration;
			buildSettings = {
				ALWAYS_SEARCH_USER_PATHS = NO;
				CLANG_ANALYZER_NONNULL = YES;
				CLANG_CXX_LANGUAGE_STANDARD = "gnu++0x";
				CLANG_CXX_LIBRARY = "libc++";
				CLANG_ENABLE_MODULES = YES;
				CLANG_ENABLE_OBJC_ARC = YES;
				CLANG_WARN_BOOL_CONVERSION = YES;
				CLANG_WARN_CONSTANT_CONVERSION = YES;
				CLANG_WARN_DIRECT_OBJC_ISA_USAGE = YES_ERROR;
				CLANG_WARN_DOCUMENTATION_COMMENTS = YES;
				CLANG_WARN_EMPTY_BODY = YES;
				CLANG_WARN_ENUM_CONVERSION = YES;
				CLANG_WARN_INFINITE_RECURSION = YES;
				CLANG_WARN_INT_CONVERSION = YES;
				CLANG_WARN_OBJC_ROOT_CLASS = YES_ERROR;
				CLANG_WARN_SUSPICIOUS_MOVES = YES;
				CLANG_WARN_UNREACHABLE_CODE = YES;
				CLANG_WARN__DUPLICATE_METHOD_MATCH = YES;
				"CODE_SIGN_IDENTITY[sdk=iphoneos*]" = "iPhone Developer";
				COPY_PHASE_STRIP = NO;
				DEBUG_INFORMATION_FORMAT = "dwarf-with-dsym";
				ENABLE_NS_ASSERTIONS = NO;
				ENABLE_STRICT_OBJC_MSGSEND = YES;
				GCC_C_LANGUAGE_STANDARD = gnu99;
				GCC_NO_COMMON_BLOCKS = YES;
				GCC_WARN_64_TO_32_BIT_CONVERSION = YES;
				GCC_WARN_ABOUT_RETURN_TYPE = YES_ERROR;
				GCC_WARN_UNDECLARED_SELECTOR = YES;
				GCC_WARN_UNINITIALIZED_AUTOS = YES_AGGRESSIVE;
				GCC_WARN_UNUSED_FUNCTION = YES;
				GCC_WARN_UNUSED_VARIABLE = YES;
				IPHONEOS_DEPLOYMENT_TARGET = 10.0;
				MTL_ENABLE_DEBUG_INFO = NO;
				SDKROOT = iphoneos;
				VALIDATE_PRODUCT = YES;
			};
			name = Release;
		};
		5CFE602D1DC75B9C003640A4 /* Debug */ = {
			isa = XCBuildConfiguration;
			baseConfigurationReference = 80481221648A5E66ECC9DA35 /* Pods-myhome.debug.xcconfig */;
			buildSettings = {
				ASSETCATALOG_COMPILER_APPICON_NAME = AppIcon;
				DEVELOPMENT_TEAM = BL86JR5S2K;
				FRAMEWORK_SEARCH_PATHS = (
					"$(PROJECT_DIR)/myhome",
					"$(PROJECT_DIR)",
					"$(PROJECT_DIR)/myhome/Thanks/FSShareManager/Lib/Tencent3.1.0",
				);
				HEADER_SEARCH_PATHS = "$(inherited)";
				INFOPLIST_FILE = myhome/Info.plist;
				IPHONEOS_DEPLOYMENT_TARGET = 8.0;
				LD_RUNPATH_SEARCH_PATHS = "$(inherited) @executable_path/Frameworks";
				LIBRARY_SEARCH_PATHS = (
					"$(inherited)",
					"$(PROJECT_DIR)/myhome/Thanks/FSShareManager/Lib/libWeiboSDK",
					"$(PROJECT_DIR)/myhome/Thanks/FSShareManager/Lib/WeChatSDK_1.7.1",
				);
				OTHER_LDFLAGS = (
					"-ObjC",
					"$(inherited)",
				);
				PRODUCT_BUNDLE_IDENTIFIER = com.fuhope.myhome;
				PRODUCT_NAME = "$(TARGET_NAME)";
			};
			name = Debug;
		};
		5CFE602E1DC75B9C003640A4 /* Release */ = {
			isa = XCBuildConfiguration;
			baseConfigurationReference = 6584AD39FD918E283A90C913 /* Pods-myhome.release.xcconfig */;
			buildSettings = {
				ASSETCATALOG_COMPILER_APPICON_NAME = AppIcon;
				DEVELOPMENT_TEAM = BL86JR5S2K;
				FRAMEWORK_SEARCH_PATHS = (
					"$(PROJECT_DIR)/myhome",
					"$(PROJECT_DIR)",
					"$(PROJECT_DIR)/myhome/Thanks/FSShareManager/Lib/Tencent3.1.0",
				);
				HEADER_SEARCH_PATHS = "$(inherited)";
				INFOPLIST_FILE = myhome/Info.plist;
				IPHONEOS_DEPLOYMENT_TARGET = 8.0;
				LD_RUNPATH_SEARCH_PATHS = "$(inherited) @executable_path/Frameworks";
				LIBRARY_SEARCH_PATHS = (
					"$(inherited)",
					"$(PROJECT_DIR)/myhome/Thanks/FSShareManager/Lib/libWeiboSDK",
					"$(PROJECT_DIR)/myhome/Thanks/FSShareManager/Lib/WeChatSDK_1.7.1",
				);
				OTHER_LDFLAGS = (
					"-ObjC",
					"$(inherited)",
				);
				PRODUCT_BUNDLE_IDENTIFIER = com.fuhope.myhome;
				PRODUCT_NAME = "$(TARGET_NAME)";
			};
			name = Release;
		};
/* End XCBuildConfiguration section */

/* Begin XCConfigurationList section */
		5CFE60101DC75B9C003640A4 /* Build configuration list for PBXProject "myhome" */ = {
			isa = XCConfigurationList;
			buildConfigurations = (
				5CFE602A1DC75B9C003640A4 /* Debug */,
				5CFE602B1DC75B9C003640A4 /* Release */,
			);
			defaultConfigurationIsVisible = 0;
			defaultConfigurationName = Release;
		};
		5CFE602C1DC75B9C003640A4 /* Build configuration list for PBXNativeTarget "myhome" */ = {
			isa = XCConfigurationList;
			buildConfigurations = (
				5CFE602D1DC75B9C003640A4 /* Debug */,
				5CFE602E1DC75B9C003640A4 /* Release */,
			);
			defaultConfigurationIsVisible = 0;
			defaultConfigurationName = Release;
		};
/* End XCConfigurationList section */
	};
	rootObject = 5CFE600D1DC75B9C003640A4 /* Project object */;
}
